// !$*UTF8*$!
{
	archiveVersion = 1;
	classes = {
	};
	objectVersion = 56;
	objects = {

/* Begin PBXBuildFile section */
		FA11D5692B2D6AFA00728A08 /* PageViewController.swift in Sources */ = {isa = PBXBuildFile; fileRef = FA11D5682B2D6AFA00728A08 /* PageViewController.swift */; };
		FA11D56B2B2D6F4C00728A08 /* FeatureCard.swift in Sources */ = {isa = PBXBuildFile; fileRef = FA11D56A2B2D6F4C00728A08 /* FeatureCard.swift */; };
		FA11D56D2B2D724D00728A08 /* PageView.swift in Sources */ = {isa = PBXBuildFile; fileRef = FA11D56C2B2D724D00728A08 /* PageView.swift */; };
		FA11D56F2B2D7D1700728A08 /* PageControl.swift in Sources */ = {isa = PBXBuildFile; fileRef = FA11D56E2B2D7D1700728A08 /* PageControl.swift */; };
		FA30A93F2B325D56004DED37 /* ContentView.swift in Sources */ = {isa = PBXBuildFile; fileRef = FA30A93E2B325D56004DED37 /* ContentView.swift */; };
		FA30A9412B325D58004DED37 /* Assets.xcassets in Resources */ = {isa = PBXBuildFile; fileRef = FA30A9402B325D58004DED37 /* Assets.xcassets */; };
		FA30A9442B325D58004DED37 /* Preview Assets.xcassets in Resources */ = {isa = PBXBuildFile; fileRef = FA30A9432B325D58004DED37 /* Preview Assets.xcassets */; };
		FA30A94F2B325D58004DED37 /* MacLandmarksTests.swift in Sources */ = {isa = PBXBuildFile; fileRef = FA30A94E2B325D58004DED37 /* MacLandmarksTests.swift */; };
		FA30A9592B325D58004DED37 /* MacLandmarksUITests.swift in Sources */ = {isa = PBXBuildFile; fileRef = FA30A9582B325D58004DED37 /* MacLandmarksUITests.swift */; };
		FA30A95B2B325D58004DED37 /* MacLandmarksUITestsLaunchTests.swift in Sources */ = {isa = PBXBuildFile; fileRef = FA30A95A2B325D58004DED37 /* MacLandmarksUITestsLaunchTests.swift */; };
		FA30A9652B325FA2004DED37 /* Assets.xcassets in Resources */ = {isa = PBXBuildFile; fileRef = FACF5D452B1EE33100345124 /* Assets.xcassets */; };
		FA30A9662B325FA2004DED37 /* CircleImage.swift in Sources */ = {isa = PBXBuildFile; fileRef = FACF5D6B2B1EF5A000345124 /* CircleImage.swift */; };
		FA30A9672B325FA2004DED37 /* Landmarks_marcocrasiApp.swift in Sources */ = {isa = PBXBuildFile; fileRef = FACF5D412B1EE32F00345124 /* Landmarks_marcocrasiApp.swift */; };
		FA30A9682B325FA2004DED37 /* ModelData.swift in Sources */ = {isa = PBXBuildFile; fileRef = FAFBE7FD2B27E30D00EF401B /* ModelData.swift */; };
		FA30A9692B325FA2004DED37 /* Hike.swift in Sources */ = {isa = PBXBuildFile; fileRef = FA3446222B2953E600690FCA /* Hike.swift */; };
		FA30A96A2B325FA2004DED37 /* Profile.swift in Sources */ = {isa = PBXBuildFile; fileRef = FA9A58D62B2ACADC002BD987 /* Profile.swift */; };
		FA30A96B2B325FA2004DED37 /* Landmark.swift in Sources */ = {isa = PBXBuildFile; fileRef = FAFBE7FB2B27DE8400EF401B /* Landmark.swift */; };
		FA30A96C2B325FA2004DED37 /* hikeData.json in Resources */ = {isa = PBXBuildFile; fileRef = FA7C07D42B2E6E74007C8391 /* hikeData.json */; };
		FA30A96D2B325FA2004DED37 /* LandmarkList.swift in Sources */ = {isa = PBXBuildFile; fileRef = FACDE57E2B28033600D3AF01 /* LandmarkList.swift */; };
		FA30A96E2B325FA2004DED37 /* MapView.swift in Sources */ = {isa = PBXBuildFile; fileRef = FACF5D6D2B1EF9A500345124 /* MapView.swift */; };
		FA30A96F2B325FA2004DED37 /* landmarkData.json in Resources */ = {isa = PBXBuildFile; fileRef = FA7C07D52B2E6E74007C8391 /* landmarkData.json */; };
		FA30A9702B325FA2004DED37 /* FavoriteButton.swift in Sources */ = {isa = PBXBuildFile; fileRef = FA4BA7FC2B283AB900D0873B /* FavoriteButton.swift */; };
		FA30A9712B325FA2004DED37 /* LandmarkRow.swift in Sources */ = {isa = PBXBuildFile; fileRef = FAFBE8022B27E6B300EF401B /* LandmarkRow.swift */; };
		FA30A9732B326126004DED37 /* LandmarkDetail.swift in Sources */ = {isa = PBXBuildFile; fileRef = FA30A9722B326126004DED37 /* LandmarkDetail.swift */; };
		FA30A9752B327011004DED37 /* LandmarkList.swift in Sources */ = {isa = PBXBuildFile; fileRef = FA30A9742B327011004DED37 /* LandmarkList.swift */; };
		FA3446162B2920DA00690FCA /* HexagonParameters.swift in Sources */ = {isa = PBXBuildFile; fileRef = FA3446152B2920DA00690FCA /* HexagonParameters.swift */; };
		FA3446182B2923D100690FCA /* BadgeBackground.swift in Sources */ = {isa = PBXBuildFile; fileRef = FA3446172B2923D100690FCA /* BadgeBackground.swift */; };
		FA34461A2B292F2C00690FCA /* BadgeSymbol.swift in Sources */ = {isa = PBXBuildFile; fileRef = FA3446192B292F2C00690FCA /* BadgeSymbol.swift */; };
		FA34461C2B29333300690FCA /* RotatedBadgeSymbol.swift in Sources */ = {isa = PBXBuildFile; fileRef = FA34461B2B29333300690FCA /* RotatedBadgeSymbol.swift */; };
		FA34461E2B29396C00690FCA /* Badge.swift in Sources */ = {isa = PBXBuildFile; fileRef = FA34461D2B29396C00690FCA /* Badge.swift */; };
		FA3446232B2953E600690FCA /* Hike.swift in Sources */ = {isa = PBXBuildFile; fileRef = FA3446222B2953E600690FCA /* Hike.swift */; };
		FA3446292B2956EA00690FCA /* GraphCapsule.swift in Sources */ = {isa = PBXBuildFile; fileRef = FA3446252B2956EA00690FCA /* GraphCapsule.swift */; };
		FA34462A2B2956EA00690FCA /* HikeGraph.swift in Sources */ = {isa = PBXBuildFile; fileRef = FA3446262B2956EA00690FCA /* HikeGraph.swift */; };
		FA34462B2B2956EA00690FCA /* HikeDetail.swift in Sources */ = {isa = PBXBuildFile; fileRef = FA3446272B2956EA00690FCA /* HikeDetail.swift */; };
		FA34462C2B2956EA00690FCA /* HikeView.swift in Sources */ = {isa = PBXBuildFile; fileRef = FA3446282B2956EA00690FCA /* HikeView.swift */; };
		FA4BA7FD2B283AB900D0873B /* FavoriteButton.swift in Sources */ = {isa = PBXBuildFile; fileRef = FA4BA7FC2B283AB900D0873B /* FavoriteButton.swift */; };
		FA6AA9F52B2A76EE0095FD61 /* CategoryHome.swift in Sources */ = {isa = PBXBuildFile; fileRef = FA6AA9F42B2A76EE0095FD61 /* CategoryHome.swift */; };
		FA6AA9F72B2A84070095FD61 /* CategoryRow.swift in Sources */ = {isa = PBXBuildFile; fileRef = FA6AA9F62B2A84070095FD61 /* CategoryRow.swift */; };
		FA6AA9F92B2A86CC0095FD61 /* CategoryItem.swift in Sources */ = {isa = PBXBuildFile; fileRef = FA6AA9F82B2A86CC0095FD61 /* CategoryItem.swift */; };
		FA6E2EAE2B2D1670003455E5 /* ProfileEditor.swift in Sources */ = {isa = PBXBuildFile; fileRef = FA6E2EAD2B2D1670003455E5 /* ProfileEditor.swift */; };
		FA7C07D62B2E6E74007C8391 /* hikeData.json in Resources */ = {isa = PBXBuildFile; fileRef = FA7C07D42B2E6E74007C8391 /* hikeData.json */; };
		FA7C07D72B2E6E74007C8391 /* landmarkData.json in Resources */ = {isa = PBXBuildFile; fileRef = FA7C07D52B2E6E74007C8391 /* landmarkData.json */; };
		FA7C07E12B2E7266007C8391 /* ContentView.swift in Sources */ = {isa = PBXBuildFile; fileRef = FA7C07E02B2E7266007C8391 /* ContentView.swift */; };
		FA7C07E32B2E7268007C8391 /* Assets.xcassets in Resources */ = {isa = PBXBuildFile; fileRef = FA7C07E22B2E7268007C8391 /* Assets.xcassets */; };
		FA7C07E62B2E7268007C8391 /* Preview Assets.xcassets in Resources */ = {isa = PBXBuildFile; fileRef = FA7C07E52B2E7268007C8391 /* Preview Assets.xcassets */; };
		FA7C07F02B2E7268007C8391 /* WatchLanmarks_Watch_AppTests.swift in Sources */ = {isa = PBXBuildFile; fileRef = FA7C07EF2B2E7268007C8391 /* WatchLanmarks_Watch_AppTests.swift */; };
		FA7C07FA2B2E7268007C8391 /* WatchLanmarks_Watch_AppUITests.swift in Sources */ = {isa = PBXBuildFile; fileRef = FA7C07F92B2E7268007C8391 /* WatchLanmarks_Watch_AppUITests.swift */; };
		FA7C07FC2B2E7268007C8391 /* WatchLanmarks_Watch_AppUITestsLaunchTests.swift in Sources */ = {isa = PBXBuildFile; fileRef = FA7C07FB2B2E7268007C8391 /* WatchLanmarks_Watch_AppUITestsLaunchTests.swift */; };
		FA7C07FF2B2E7268007C8391 /* WatchLanmarks Watch App.app in Embed Watch Content */ = {isa = PBXBuildFile; fileRef = FA7C07DC2B2E7266007C8391 /* WatchLanmarks Watch App.app */; settings = {ATTRIBUTES = (RemoveHeadersOnCopy, ); }; };
		FA7C080A2B2E75C4007C8391 /* Assets.xcassets in Resources */ = {isa = PBXBuildFile; fileRef = FACF5D452B1EE33100345124 /* Assets.xcassets */; };
		FA7C080C2B2E75C4007C8391 /* Landmarks_marcocrasiApp.swift in Sources */ = {isa = PBXBuildFile; fileRef = FACF5D412B1EE32F00345124 /* Landmarks_marcocrasiApp.swift */; };
		FA7C080D2B2E75C4007C8391 /* ModelData.swift in Sources */ = {isa = PBXBuildFile; fileRef = FAFBE7FD2B27E30D00EF401B /* ModelData.swift */; };
		FA7C080E2B2E75C4007C8391 /* Landmark.swift in Sources */ = {isa = PBXBuildFile; fileRef = FAFBE7FB2B27DE8400EF401B /* Landmark.swift */; };
		FA7C080F2B2E75C4007C8391 /* Profile.swift in Sources */ = {isa = PBXBuildFile; fileRef = FA9A58D62B2ACADC002BD987 /* Profile.swift */; };
		FA7C08102B2E75C4007C8391 /* MapView.swift in Sources */ = {isa = PBXBuildFile; fileRef = FACF5D6D2B1EF9A500345124 /* MapView.swift */; };
		FA7C08112B2E75C4007C8391 /* LandmarkRow.swift in Sources */ = {isa = PBXBuildFile; fileRef = FAFBE8022B27E6B300EF401B /* LandmarkRow.swift */; };
		FA7C08122B2E75C4007C8391 /* Hike.swift in Sources */ = {isa = PBXBuildFile; fileRef = FA3446222B2953E600690FCA /* Hike.swift */; };
		FA7C08132B2E75C4007C8391 /* CircleImage.swift in Sources */ = {isa = PBXBuildFile; fileRef = FACF5D6B2B1EF5A000345124 /* CircleImage.swift */; };
		FA7C08142B2E75C4007C8391 /* landmarkData.json in Resources */ = {isa = PBXBuildFile; fileRef = FA7C07D52B2E6E74007C8391 /* landmarkData.json */; };
		FA7C08152B2E75C4007C8391 /* hikeData.json in Resources */ = {isa = PBXBuildFile; fileRef = FA7C07D42B2E6E74007C8391 /* hikeData.json */; };
		FA7C08172B2E76B5007C8391 /* LandmarkDetail.swift in Sources */ = {isa = PBXBuildFile; fileRef = FA7C08162B2E76B5007C8391 /* LandmarkDetail.swift */; };
		FA7C08192B2E8127007C8391 /* NotificationsView.swift in Sources */ = {isa = PBXBuildFile; fileRef = FA7C08182B2E8127007C8391 /* NotificationsView.swift */; };
		FA7C081B2B2E82C3007C8391 /* NotificationController.swift in Sources */ = {isa = PBXBuildFile; fileRef = FA7C081A2B2E82C3007C8391 /* NotificationController.swift */; };
		FA7D92AA2B337D6C00D0C733 /* LandmarkSettings.swift in Sources */ = {isa = PBXBuildFile; fileRef = FA7D92A92B337D6C00D0C733 /* LandmarkSettings.swift */; };
		FA9A58D72B2ACADC002BD987 /* Profile.swift in Sources */ = {isa = PBXBuildFile; fileRef = FA9A58D62B2ACADC002BD987 /* Profile.swift */; };
		FA9A58DA2B2ACE39002BD987 /* ProfileHost.swift in Sources */ = {isa = PBXBuildFile; fileRef = FA9A58D92B2ACE39002BD987 /* ProfileHost.swift */; };
		FA9A58DD2B2ACF7E002BD987 /* ProfileSummary.swift in Sources */ = {isa = PBXBuildFile; fileRef = FA9A58DC2B2ACF7E002BD987 /* ProfileSummary.swift */; };
		FA9A58DF2B2AD20A002BD987 /* HikeBadge.swift in Sources */ = {isa = PBXBuildFile; fileRef = FA9A58DE2B2AD20A002BD987 /* HikeBadge.swift */; };
		FACDE57C2B27FF4B00D3AF01 /* Landmarks_marcocrasiApp.swift in Sources */ = {isa = PBXBuildFile; fileRef = FACF5D412B1EE32F00345124 /* Landmarks_marcocrasiApp.swift */; };
		FACDE57D2B27FF4B00D3AF01 /* Landmarks_marcocrasiApp.swift in Sources */ = {isa = PBXBuildFile; fileRef = FACF5D412B1EE32F00345124 /* Landmarks_marcocrasiApp.swift */; };
		FACDE57F2B28033600D3AF01 /* LandmarkList.swift in Sources */ = {isa = PBXBuildFile; fileRef = FACDE57E2B28033600D3AF01 /* LandmarkList.swift */; };
		FACDE5832B2807E300D3AF01 /* ContentView.swift in Sources */ = {isa = PBXBuildFile; fileRef = FACDE5822B2807E300D3AF01 /* ContentView.swift */; };
		FACF5D422B1EE32F00345124 /* Landmarks_marcocrasiApp.swift in Sources */ = {isa = PBXBuildFile; fileRef = FACF5D412B1EE32F00345124 /* Landmarks_marcocrasiApp.swift */; };
		FACF5D442B1EE32F00345124 /* LandmarkDetail.swift in Sources */ = {isa = PBXBuildFile; fileRef = FACF5D432B1EE32F00345124 /* LandmarkDetail.swift */; };
		FACF5D462B1EE33100345124 /* Assets.xcassets in Resources */ = {isa = PBXBuildFile; fileRef = FACF5D452B1EE33100345124 /* Assets.xcassets */; };
		FACF5D492B1EE33100345124 /* Preview Assets.xcassets in Resources */ = {isa = PBXBuildFile; fileRef = FACF5D482B1EE33100345124 /* Preview Assets.xcassets */; };
		FACF5D532B1EE33100345124 /* Landmarks_marcocrasiTests.swift in Sources */ = {isa = PBXBuildFile; fileRef = FACF5D522B1EE33100345124 /* Landmarks_marcocrasiTests.swift */; };
		FACF5D5D2B1EE33100345124 /* Landmarks_marcocrasiUITests.swift in Sources */ = {isa = PBXBuildFile; fileRef = FACF5D5C2B1EE33100345124 /* Landmarks_marcocrasiUITests.swift */; };
		FACF5D5F2B1EE33100345124 /* Landmarks_marcocrasiUITestsLaunchTests.swift in Sources */ = {isa = PBXBuildFile; fileRef = FACF5D5E2B1EE33100345124 /* Landmarks_marcocrasiUITestsLaunchTests.swift */; };
		FACF5D6C2B1EF5A000345124 /* CircleImage.swift in Sources */ = {isa = PBXBuildFile; fileRef = FACF5D6B2B1EF5A000345124 /* CircleImage.swift */; };
		FACF5D6E2B1EF9A500345124 /* MapView.swift in Sources */ = {isa = PBXBuildFile; fileRef = FACF5D6D2B1EF9A500345124 /* MapView.swift */; };
		FAEA29672B329DF7001B4DAC /* LandmarkCommands.swift in Sources */ = {isa = PBXBuildFile; fileRef = FAEA29662B329DF7001B4DAC /* LandmarkCommands.swift */; };
		FAEA29682B329DF7001B4DAC /* LandmarkCommands.swift in Sources */ = {isa = PBXBuildFile; fileRef = FAEA29662B329DF7001B4DAC /* LandmarkCommands.swift */; };
		FAFBE7FC2B27DE8400EF401B /* Landmark.swift in Sources */ = {isa = PBXBuildFile; fileRef = FAFBE7FB2B27DE8400EF401B /* Landmark.swift */; };
		FAFBE7FE2B27E30D00EF401B /* ModelData.swift in Sources */ = {isa = PBXBuildFile; fileRef = FAFBE7FD2B27E30D00EF401B /* ModelData.swift */; };
		FAFBE8032B27E6B300EF401B /* LandmarkRow.swift in Sources */ = {isa = PBXBuildFile; fileRef = FAFBE8022B27E6B300EF401B /* LandmarkRow.swift */; };
/* End PBXBuildFile section */

/* Begin PBXContainerItemProxy section */
		FA30A94B2B325D58004DED37 /* PBXContainerItemProxy */ = {
			isa = PBXContainerItemProxy;
			containerPortal = FACF5D362B1EE32F00345124 /* Project object */;
			proxyType = 1;
			remoteGlobalIDString = FA30A9392B325D55004DED37;
			remoteInfo = MacLandmarks;
		};
		FA30A9552B325D58004DED37 /* PBXContainerItemProxy */ = {
			isa = PBXContainerItemProxy;
			containerPortal = FACF5D362B1EE32F00345124 /* Project object */;
			proxyType = 1;
			remoteGlobalIDString = FA30A9392B325D55004DED37;
			remoteInfo = MacLandmarks;
		};
		FA7C07EC2B2E7268007C8391 /* PBXContainerItemProxy */ = {
			isa = PBXContainerItemProxy;
			containerPortal = FACF5D362B1EE32F00345124 /* Project object */;
			proxyType = 1;
			remoteGlobalIDString = FA7C07DB2B2E7266007C8391;
			remoteInfo = "WatchLanmarks Watch App";
		};
		FA7C07F62B2E7268007C8391 /* PBXContainerItemProxy */ = {
			isa = PBXContainerItemProxy;
			containerPortal = FACF5D362B1EE32F00345124 /* Project object */;
			proxyType = 1;
			remoteGlobalIDString = FA7C07DB2B2E7266007C8391;
			remoteInfo = "WatchLanmarks Watch App";
		};
		FA7C07FD2B2E7268007C8391 /* PBXContainerItemProxy */ = {
			isa = PBXContainerItemProxy;
			containerPortal = FACF5D362B1EE32F00345124 /* Project object */;
			proxyType = 1;
			remoteGlobalIDString = FA7C07DB2B2E7266007C8391;
			remoteInfo = "WatchLanmarks Watch App";
		};
		FACF5D4F2B1EE33100345124 /* PBXContainerItemProxy */ = {
			isa = PBXContainerItemProxy;
			containerPortal = FACF5D362B1EE32F00345124 /* Project object */;
			proxyType = 1;
			remoteGlobalIDString = FACF5D3D2B1EE32F00345124;
			remoteInfo = "Landmarks-marcocrasi";
		};
		FACF5D592B1EE33100345124 /* PBXContainerItemProxy */ = {
			isa = PBXContainerItemProxy;
			containerPortal = FACF5D362B1EE32F00345124 /* Project object */;
			proxyType = 1;
			remoteGlobalIDString = FACF5D3D2B1EE32F00345124;
			remoteInfo = "Landmarks-marcocrasi";
		};
/* End PBXContainerItemProxy section */

/* Begin PBXCopyFilesBuildPhase section */
		FA7C08032B2E7268007C8391 /* Embed Watch Content */ = {
			isa = PBXCopyFilesBuildPhase;
			buildActionMask = 2147483647;
			dstPath = "$(CONTENTS_FOLDER_PATH)/Watch";
			dstSubfolderSpec = 16;
			files = (
				FA7C07FF2B2E7268007C8391 /* WatchLanmarks Watch App.app in Embed Watch Content */,
			);
			name = "Embed Watch Content";
			runOnlyForDeploymentPostprocessing = 0;
		};
/* End PBXCopyFilesBuildPhase section */

/* Begin PBXFileReference section */
		FA11D5682B2D6AFA00728A08 /* PageViewController.swift */ = {isa = PBXFileReference; lastKnownFileType = sourcecode.swift; path = PageViewController.swift; sourceTree = "<group>"; };
		FA11D56A2B2D6F4C00728A08 /* FeatureCard.swift */ = {isa = PBXFileReference; lastKnownFileType = sourcecode.swift; path = FeatureCard.swift; sourceTree = "<group>"; };
		FA11D56C2B2D724D00728A08 /* PageView.swift */ = {isa = PBXFileReference; lastKnownFileType = sourcecode.swift; path = PageView.swift; sourceTree = "<group>"; };
		FA11D56E2B2D7D1700728A08 /* PageControl.swift */ = {isa = PBXFileReference; lastKnownFileType = sourcecode.swift; path = PageControl.swift; sourceTree = "<group>"; };
		FA30A93A2B325D56004DED37 /* MacLandmarks.app */ = {isa = PBXFileReference; explicitFileType = wrapper.application; includeInIndex = 0; path = MacLandmarks.app; sourceTree = BUILT_PRODUCTS_DIR; };
		FA30A93E2B325D56004DED37 /* ContentView.swift */ = {isa = PBXFileReference; lastKnownFileType = sourcecode.swift; path = ContentView.swift; sourceTree = "<group>"; };
		FA30A9402B325D58004DED37 /* Assets.xcassets */ = {isa = PBXFileReference; lastKnownFileType = folder.assetcatalog; path = Assets.xcassets; sourceTree = "<group>"; };
		FA30A9432B325D58004DED37 /* Preview Assets.xcassets */ = {isa = PBXFileReference; lastKnownFileType = folder.assetcatalog; path = "Preview Assets.xcassets"; sourceTree = "<group>"; };
		FA30A9452B325D58004DED37 /* MacLandmarks.entitlements */ = {isa = PBXFileReference; lastKnownFileType = text.plist.entitlements; path = MacLandmarks.entitlements; sourceTree = "<group>"; };
		FA30A94A2B325D58004DED37 /* MacLandmarksTests.xctest */ = {isa = PBXFileReference; explicitFileType = wrapper.cfbundle; includeInIndex = 0; path = MacLandmarksTests.xctest; sourceTree = BUILT_PRODUCTS_DIR; };
		FA30A94E2B325D58004DED37 /* MacLandmarksTests.swift */ = {isa = PBXFileReference; lastKnownFileType = sourcecode.swift; path = MacLandmarksTests.swift; sourceTree = "<group>"; };
		FA30A9542B325D58004DED37 /* MacLandmarksUITests.xctest */ = {isa = PBXFileReference; explicitFileType = wrapper.cfbundle; includeInIndex = 0; path = MacLandmarksUITests.xctest; sourceTree = BUILT_PRODUCTS_DIR; };
		FA30A9582B325D58004DED37 /* MacLandmarksUITests.swift */ = {isa = PBXFileReference; lastKnownFileType = sourcecode.swift; path = MacLandmarksUITests.swift; sourceTree = "<group>"; };
		FA30A95A2B325D58004DED37 /* MacLandmarksUITestsLaunchTests.swift */ = {isa = PBXFileReference; lastKnownFileType = sourcecode.swift; path = MacLandmarksUITestsLaunchTests.swift; sourceTree = "<group>"; };
		FA30A9722B326126004DED37 /* LandmarkDetail.swift */ = {isa = PBXFileReference; lastKnownFileType = sourcecode.swift; path = LandmarkDetail.swift; sourceTree = "<group>"; };
		FA30A9742B327011004DED37 /* LandmarkList.swift */ = {isa = PBXFileReference; lastKnownFileType = sourcecode.swift; path = LandmarkList.swift; sourceTree = "<group>"; };
		FA3446152B2920DA00690FCA /* HexagonParameters.swift */ = {isa = PBXFileReference; lastKnownFileType = sourcecode.swift; path = HexagonParameters.swift; sourceTree = "<group>"; };
		FA3446172B2923D100690FCA /* BadgeBackground.swift */ = {isa = PBXFileReference; lastKnownFileType = sourcecode.swift; path = BadgeBackground.swift; sourceTree = "<group>"; };
		FA3446192B292F2C00690FCA /* BadgeSymbol.swift */ = {isa = PBXFileReference; lastKnownFileType = sourcecode.swift; path = BadgeSymbol.swift; sourceTree = "<group>"; };
		FA34461B2B29333300690FCA /* RotatedBadgeSymbol.swift */ = {isa = PBXFileReference; lastKnownFileType = sourcecode.swift; path = RotatedBadgeSymbol.swift; sourceTree = "<group>"; };
		FA34461D2B29396C00690FCA /* Badge.swift */ = {isa = PBXFileReference; lastKnownFileType = sourcecode.swift; path = Badge.swift; sourceTree = "<group>"; };
		FA3446222B2953E600690FCA /* Hike.swift */ = {isa = PBXFileReference; lastKnownFileType = sourcecode.swift; path = Hike.swift; sourceTree = "<group>"; };
		FA3446252B2956EA00690FCA /* GraphCapsule.swift */ = {isa = PBXFileReference; fileEncoding = 4; lastKnownFileType = sourcecode.swift; path = GraphCapsule.swift; sourceTree = "<group>"; };
		FA3446262B2956EA00690FCA /* HikeGraph.swift */ = {isa = PBXFileReference; fileEncoding = 4; lastKnownFileType = sourcecode.swift; path = HikeGraph.swift; sourceTree = "<group>"; };
		FA3446272B2956EA00690FCA /* HikeDetail.swift */ = {isa = PBXFileReference; fileEncoding = 4; lastKnownFileType = sourcecode.swift; path = HikeDetail.swift; sourceTree = "<group>"; };
		FA3446282B2956EA00690FCA /* HikeView.swift */ = {isa = PBXFileReference; fileEncoding = 4; lastKnownFileType = sourcecode.swift; path = HikeView.swift; sourceTree = "<group>"; };
		FA4BA7FC2B283AB900D0873B /* FavoriteButton.swift */ = {isa = PBXFileReference; lastKnownFileType = sourcecode.swift; path = FavoriteButton.swift; sourceTree = "<group>"; };
		FA6AA9F42B2A76EE0095FD61 /* CategoryHome.swift */ = {isa = PBXFileReference; lastKnownFileType = sourcecode.swift; path = CategoryHome.swift; sourceTree = "<group>"; };
		FA6AA9F62B2A84070095FD61 /* CategoryRow.swift */ = {isa = PBXFileReference; lastKnownFileType = sourcecode.swift; path = CategoryRow.swift; sourceTree = "<group>"; };
		FA6AA9F82B2A86CC0095FD61 /* CategoryItem.swift */ = {isa = PBXFileReference; lastKnownFileType = sourcecode.swift; path = CategoryItem.swift; sourceTree = "<group>"; };
		FA6E2EAD2B2D1670003455E5 /* ProfileEditor.swift */ = {isa = PBXFileReference; lastKnownFileType = sourcecode.swift; path = ProfileEditor.swift; sourceTree = "<group>"; };
		FA7C07D42B2E6E74007C8391 /* hikeData.json */ = {isa = PBXFileReference; fileEncoding = 4; lastKnownFileType = text.json; path = hikeData.json; sourceTree = "<group>"; };
		FA7C07D52B2E6E74007C8391 /* landmarkData.json */ = {isa = PBXFileReference; fileEncoding = 4; lastKnownFileType = text.json; path = landmarkData.json; sourceTree = "<group>"; };
		FA7C07DC2B2E7266007C8391 /* WatchLanmarks Watch App.app */ = {isa = PBXFileReference; explicitFileType = wrapper.application; includeInIndex = 0; path = "WatchLanmarks Watch App.app"; sourceTree = BUILT_PRODUCTS_DIR; };
		FA7C07E02B2E7266007C8391 /* ContentView.swift */ = {isa = PBXFileReference; lastKnownFileType = sourcecode.swift; path = ContentView.swift; sourceTree = "<group>"; };
		FA7C07E22B2E7268007C8391 /* Assets.xcassets */ = {isa = PBXFileReference; lastKnownFileType = folder.assetcatalog; path = Assets.xcassets; sourceTree = "<group>"; };
		FA7C07E52B2E7268007C8391 /* Preview Assets.xcassets */ = {isa = PBXFileReference; lastKnownFileType = folder.assetcatalog; path = "Preview Assets.xcassets"; sourceTree = "<group>"; };
		FA7C07EB2B2E7268007C8391 /* WatchLanmarks Watch AppTests.xctest */ = {isa = PBXFileReference; explicitFileType = wrapper.cfbundle; includeInIndex = 0; path = "WatchLanmarks Watch AppTests.xctest"; sourceTree = BUILT_PRODUCTS_DIR; };
		FA7C07EF2B2E7268007C8391 /* WatchLanmarks_Watch_AppTests.swift */ = {isa = PBXFileReference; lastKnownFileType = sourcecode.swift; path = WatchLanmarks_Watch_AppTests.swift; sourceTree = "<group>"; };
		FA7C07F52B2E7268007C8391 /* WatchLanmarks Watch AppUITests.xctest */ = {isa = PBXFileReference; explicitFileType = wrapper.cfbundle; includeInIndex = 0; path = "WatchLanmarks Watch AppUITests.xctest"; sourceTree = BUILT_PRODUCTS_DIR; };
		FA7C07F92B2E7268007C8391 /* WatchLanmarks_Watch_AppUITests.swift */ = {isa = PBXFileReference; lastKnownFileType = sourcecode.swift; path = WatchLanmarks_Watch_AppUITests.swift; sourceTree = "<group>"; };
		FA7C07FB2B2E7268007C8391 /* WatchLanmarks_Watch_AppUITestsLaunchTests.swift */ = {isa = PBXFileReference; lastKnownFileType = sourcecode.swift; path = WatchLanmarks_Watch_AppUITestsLaunchTests.swift; sourceTree = "<group>"; };
		FA7C08162B2E76B5007C8391 /* LandmarkDetail.swift */ = {isa = PBXFileReference; lastKnownFileType = sourcecode.swift; path = LandmarkDetail.swift; sourceTree = "<group>"; };
		FA7C08182B2E8127007C8391 /* NotificationsView.swift */ = {isa = PBXFileReference; lastKnownFileType = sourcecode.swift; path = NotificationsView.swift; sourceTree = "<group>"; };
		FA7C081A2B2E82C3007C8391 /* NotificationController.swift */ = {isa = PBXFileReference; lastKnownFileType = sourcecode.swift; path = NotificationController.swift; sourceTree = "<group>"; };
		FA7C081C2B2E877F007C8391 /* PushNotificationPayload.apns */ = {isa = PBXFileReference; lastKnownFileType = text; path = PushNotificationPayload.apns; sourceTree = "<group>"; };
		FA7D92A92B337D6C00D0C733 /* LandmarkSettings.swift */ = {isa = PBXFileReference; lastKnownFileType = sourcecode.swift; path = LandmarkSettings.swift; sourceTree = "<group>"; };
		FA9A58D62B2ACADC002BD987 /* Profile.swift */ = {isa = PBXFileReference; lastKnownFileType = sourcecode.swift; path = Profile.swift; sourceTree = "<group>"; };
		FA9A58D92B2ACE39002BD987 /* ProfileHost.swift */ = {isa = PBXFileReference; lastKnownFileType = sourcecode.swift; path = ProfileHost.swift; sourceTree = "<group>"; };
		FA9A58DC2B2ACF7E002BD987 /* ProfileSummary.swift */ = {isa = PBXFileReference; lastKnownFileType = sourcecode.swift; path = ProfileSummary.swift; sourceTree = "<group>"; };
		FA9A58DE2B2AD20A002BD987 /* HikeBadge.swift */ = {isa = PBXFileReference; lastKnownFileType = sourcecode.swift; path = HikeBadge.swift; sourceTree = "<group>"; };
		FACDE57E2B28033600D3AF01 /* LandmarkList.swift */ = {isa = PBXFileReference; lastKnownFileType = sourcecode.swift; path = LandmarkList.swift; sourceTree = "<group>"; };
		FACDE5822B2807E300D3AF01 /* ContentView.swift */ = {isa = PBXFileReference; lastKnownFileType = sourcecode.swift; path = ContentView.swift; sourceTree = "<group>"; };
		FACF5D3E2B1EE32F00345124 /* Landmarks-marcocrasi.app */ = {isa = PBXFileReference; explicitFileType = wrapper.application; includeInIndex = 0; path = "Landmarks-marcocrasi.app"; sourceTree = BUILT_PRODUCTS_DIR; };
		FACF5D412B1EE32F00345124 /* Landmarks_marcocrasiApp.swift */ = {isa = PBXFileReference; lastKnownFileType = sourcecode.swift; path = Landmarks_marcocrasiApp.swift; sourceTree = "<group>"; };
		FACF5D432B1EE32F00345124 /* LandmarkDetail.swift */ = {isa = PBXFileReference; lastKnownFileType = sourcecode.swift; path = LandmarkDetail.swift; sourceTree = "<group>"; };
		FACF5D452B1EE33100345124 /* Assets.xcassets */ = {isa = PBXFileReference; lastKnownFileType = folder.assetcatalog; path = Assets.xcassets; sourceTree = "<group>"; };
		FACF5D482B1EE33100345124 /* Preview Assets.xcassets */ = {isa = PBXFileReference; lastKnownFileType = folder.assetcatalog; path = "Preview Assets.xcassets"; sourceTree = "<group>"; };
		FACF5D4E2B1EE33100345124 /* Landmarks-marcocrasiTests.xctest */ = {isa = PBXFileReference; explicitFileType = wrapper.cfbundle; includeInIndex = 0; path = "Landmarks-marcocrasiTests.xctest"; sourceTree = BUILT_PRODUCTS_DIR; };
		FACF5D522B1EE33100345124 /* Landmarks_marcocrasiTests.swift */ = {isa = PBXFileReference; lastKnownFileType = sourcecode.swift; path = Landmarks_marcocrasiTests.swift; sourceTree = "<group>"; };
		FACF5D582B1EE33100345124 /* Landmarks-marcocrasiUITests.xctest */ = {isa = PBXFileReference; explicitFileType = wrapper.cfbundle; includeInIndex = 0; path = "Landmarks-marcocrasiUITests.xctest"; sourceTree = BUILT_PRODUCTS_DIR; };
		FACF5D5C2B1EE33100345124 /* Landmarks_marcocrasiUITests.swift */ = {isa = PBXFileReference; lastKnownFileType = sourcecode.swift; path = Landmarks_marcocrasiUITests.swift; sourceTree = "<group>"; };
		FACF5D5E2B1EE33100345124 /* Landmarks_marcocrasiUITestsLaunchTests.swift */ = {isa = PBXFileReference; lastKnownFileType = sourcecode.swift; path = Landmarks_marcocrasiUITestsLaunchTests.swift; sourceTree = "<group>"; };
		FACF5D6B2B1EF5A000345124 /* CircleImage.swift */ = {isa = PBXFileReference; lastKnownFileType = sourcecode.swift; path = CircleImage.swift; sourceTree = "<group>"; };
		FACF5D6D2B1EF9A500345124 /* MapView.swift */ = {isa = PBXFileReference; lastKnownFileType = sourcecode.swift; path = MapView.swift; sourceTree = "<group>"; };
		FAEA29662B329DF7001B4DAC /* LandmarkCommands.swift */ = {isa = PBXFileReference; lastKnownFileType = sourcecode.swift; path = LandmarkCommands.swift; sourceTree = "<group>"; };
		FAFBE7FB2B27DE8400EF401B /* Landmark.swift */ = {isa = PBXFileReference; lastKnownFileType = sourcecode.swift; path = Landmark.swift; sourceTree = "<group>"; };
		FAFBE7FD2B27E30D00EF401B /* ModelData.swift */ = {isa = PBXFileReference; lastKnownFileType = sourcecode.swift; path = ModelData.swift; sourceTree = "<group>"; };
		FAFBE8022B27E6B300EF401B /* LandmarkRow.swift */ = {isa = PBXFileReference; lastKnownFileType = sourcecode.swift; path = LandmarkRow.swift; sourceTree = "<group>"; };
/* End PBXFileReference section */

/* Begin PBXFrameworksBuildPhase section */
		FA30A9372B325D55004DED37 /* Frameworks */ = {
			isa = PBXFrameworksBuildPhase;
			buildActionMask = 2147483647;
			files = (
			);
			runOnlyForDeploymentPostprocessing = 0;
		};
		FA30A9472B325D58004DED37 /* Frameworks */ = {
			isa = PBXFrameworksBuildPhase;
			buildActionMask = 2147483647;
			files = (
			);
			runOnlyForDeploymentPostprocessing = 0;
		};
		FA30A9512B325D58004DED37 /* Frameworks */ = {
			isa = PBXFrameworksBuildPhase;
			buildActionMask = 2147483647;
			files = (
			);
			runOnlyForDeploymentPostprocessing = 0;
		};
		FA7C07D92B2E7266007C8391 /* Frameworks */ = {
			isa = PBXFrameworksBuildPhase;
			buildActionMask = 2147483647;
			files = (
			);
			runOnlyForDeploymentPostprocessing = 0;
		};
		FA7C07E82B2E7268007C8391 /* Frameworks */ = {
			isa = PBXFrameworksBuildPhase;
			buildActionMask = 2147483647;
			files = (
			);
			runOnlyForDeploymentPostprocessing = 0;
		};
		FA7C07F22B2E7268007C8391 /* Frameworks */ = {
			isa = PBXFrameworksBuildPhase;
			buildActionMask = 2147483647;
			files = (
			);
			runOnlyForDeploymentPostprocessing = 0;
		};
		FACF5D3B2B1EE32F00345124 /* Frameworks */ = {
			isa = PBXFrameworksBuildPhase;
			buildActionMask = 2147483647;
			files = (
			);
			runOnlyForDeploymentPostprocessing = 0;
		};
		FACF5D4B2B1EE33100345124 /* Frameworks */ = {
			isa = PBXFrameworksBuildPhase;
			buildActionMask = 2147483647;
			files = (
			);
			runOnlyForDeploymentPostprocessing = 0;
		};
		FACF5D552B1EE33100345124 /* Frameworks */ = {
			isa = PBXFrameworksBuildPhase;
			buildActionMask = 2147483647;
			files = (
			);
			runOnlyForDeploymentPostprocessing = 0;
		};
/* End PBXFrameworksBuildPhase section */

/* Begin PBXGroup section */
		FA11D5672B2D6AA600728A08 /* PageView */ = {
			isa = PBXGroup;
			children = (
				FA11D5682B2D6AFA00728A08 /* PageViewController.swift */,
				FA11D56A2B2D6F4C00728A08 /* FeatureCard.swift */,
				FA11D56C2B2D724D00728A08 /* PageView.swift */,
				FA11D56E2B2D7D1700728A08 /* PageControl.swift */,
			);
			path = PageView;
			sourceTree = "<group>";
		};
		FA30A93B2B325D56004DED37 /* MacLandmarks */ = {
			isa = PBXGroup;
			children = (
				FA30A93E2B325D56004DED37 /* ContentView.swift */,
				FA30A9402B325D58004DED37 /* Assets.xcassets */,
				FA30A9452B325D58004DED37 /* MacLandmarks.entitlements */,
				FA30A9422B325D58004DED37 /* Preview Content */,
				FA30A9722B326126004DED37 /* LandmarkDetail.swift */,
				FAEA29662B329DF7001B4DAC /* LandmarkCommands.swift */,
				FA7D92A92B337D6C00D0C733 /* LandmarkSettings.swift */,
			);
			path = MacLandmarks;
			sourceTree = "<group>";
		};
		FA30A9422B325D58004DED37 /* Preview Content */ = {
			isa = PBXGroup;
			children = (
				FA30A9432B325D58004DED37 /* Preview Assets.xcassets */,
			);
			path = "Preview Content";
			sourceTree = "<group>";
		};
		FA30A94D2B325D58004DED37 /* MacLandmarksTests */ = {
			isa = PBXGroup;
			children = (
				FA30A94E2B325D58004DED37 /* MacLandmarksTests.swift */,
			);
			path = MacLandmarksTests;
			sourceTree = "<group>";
		};
		FA30A9572B325D58004DED37 /* MacLandmarksUITests */ = {
			isa = PBXGroup;
			children = (
				FA30A9582B325D58004DED37 /* MacLandmarksUITests.swift */,
				FA30A95A2B325D58004DED37 /* MacLandmarksUITestsLaunchTests.swift */,
			);
			path = MacLandmarksUITests;
			sourceTree = "<group>";
		};
		FA34461F2B293CF200690FCA /* Badges */ = {
			isa = PBXGroup;
			children = (
				FA34461D2B29396C00690FCA /* Badge.swift */,
				FA3446172B2923D100690FCA /* BadgeBackground.swift */,
				FA3446192B292F2C00690FCA /* BadgeSymbol.swift */,
				FA34461B2B29333300690FCA /* RotatedBadgeSymbol.swift */,
				FA3446152B2920DA00690FCA /* HexagonParameters.swift */,
			);
			path = Badges;
			sourceTree = "<group>";
		};
		FA3446242B2956EA00690FCA /* Hikes */ = {
			isa = PBXGroup;
			children = (
				FA9A58DE2B2AD20A002BD987 /* HikeBadge.swift */,
				FA3446252B2956EA00690FCA /* GraphCapsule.swift */,
				FA3446262B2956EA00690FCA /* HikeGraph.swift */,
				FA3446272B2956EA00690FCA /* HikeDetail.swift */,
				FA3446282B2956EA00690FCA /* HikeView.swift */,
			);
			path = Hikes;
			sourceTree = "<group>";
		};
		FA4BA7FE2B283C7C00D0873B /* Landmarks */ = {
			isa = PBXGroup;
			children = (
				FACDE57E2B28033600D3AF01 /* LandmarkList.swift */,
				FAFBE8022B27E6B300EF401B /* LandmarkRow.swift */,
				FACF5D432B1EE32F00345124 /* LandmarkDetail.swift */,
			);
			path = Landmarks;
			sourceTree = "<group>";
		};
		FA4BA7FF2B283CE300D0873B /* Helper */ = {
			isa = PBXGroup;
			children = (
				FACF5D6B2B1EF5A000345124 /* CircleImage.swift */,
				FACF5D6D2B1EF9A500345124 /* MapView.swift */,
				FA4BA7FC2B283AB900D0873B /* FavoriteButton.swift */,
			);
			path = Helper;
			sourceTree = "<group>";
		};
		FA6AA9F32B2A76C10095FD61 /* Categories */ = {
			isa = PBXGroup;
			children = (
				FA6AA9F42B2A76EE0095FD61 /* CategoryHome.swift */,
				FA6AA9F62B2A84070095FD61 /* CategoryRow.swift */,
				FA6AA9F82B2A86CC0095FD61 /* CategoryItem.swift */,
			);
			path = Categories;
			sourceTree = "<group>";
		};
		FA7C07DD2B2E7266007C8391 /* WatchLanmarks Watch App */ = {
			isa = PBXGroup;
			children = (
				FA7C07E02B2E7266007C8391 /* ContentView.swift */,
				FA7C07E22B2E7268007C8391 /* Assets.xcassets */,
				FA7C07E42B2E7268007C8391 /* Preview Content */,
				FA7C08162B2E76B5007C8391 /* LandmarkDetail.swift */,
				FA7C08182B2E8127007C8391 /* NotificationsView.swift */,
				FA7C081A2B2E82C3007C8391 /* NotificationController.swift */,
				FA7C081C2B2E877F007C8391 /* PushNotificationPayload.apns */,
				FA30A9742B327011004DED37 /* LandmarkList.swift */,
			);
			path = "WatchLanmarks Watch App";
			sourceTree = "<group>";
		};
		FA7C07E42B2E7268007C8391 /* Preview Content */ = {
			isa = PBXGroup;
			children = (
				FA7C07E52B2E7268007C8391 /* Preview Assets.xcassets */,
			);
			path = "Preview Content";
			sourceTree = "<group>";
		};
		FA7C07EE2B2E7268007C8391 /* WatchLanmarks Watch AppTests */ = {
			isa = PBXGroup;
			children = (
				FA7C07EF2B2E7268007C8391 /* WatchLanmarks_Watch_AppTests.swift */,
			);
			path = "WatchLanmarks Watch AppTests";
			sourceTree = "<group>";
		};
		FA7C07F82B2E7268007C8391 /* WatchLanmarks Watch AppUITests */ = {
			isa = PBXGroup;
			children = (
				FA7C07F92B2E7268007C8391 /* WatchLanmarks_Watch_AppUITests.swift */,
				FA7C07FB2B2E7268007C8391 /* WatchLanmarks_Watch_AppUITestsLaunchTests.swift */,
			);
			path = "WatchLanmarks Watch AppUITests";
			sourceTree = "<group>";
		};
		FA9A58D82B2ACE10002BD987 /* Profiles */ = {
			isa = PBXGroup;
			children = (
				FA9A58D92B2ACE39002BD987 /* ProfileHost.swift */,
				FA9A58DC2B2ACF7E002BD987 /* ProfileSummary.swift */,
				FA6E2EAD2B2D1670003455E5 /* ProfileEditor.swift */,
			);
			path = Profiles;
			sourceTree = "<group>";
		};
		FACF5D352B1EE32F00345124 = {
			isa = PBXGroup;
			children = (
				FACF5D402B1EE32F00345124 /* Landmarks-marcocrasi */,
				FACF5D512B1EE33100345124 /* Landmarks-marcocrasiTests */,
				FACF5D5B2B1EE33100345124 /* Landmarks-marcocrasiUITests */,
				FA7C07DD2B2E7266007C8391 /* WatchLanmarks Watch App */,
				FA7C07EE2B2E7268007C8391 /* WatchLanmarks Watch AppTests */,
				FA7C07F82B2E7268007C8391 /* WatchLanmarks Watch AppUITests */,
				FA30A93B2B325D56004DED37 /* MacLandmarks */,
				FA30A94D2B325D58004DED37 /* MacLandmarksTests */,
				FA30A9572B325D58004DED37 /* MacLandmarksUITests */,
				FACF5D452B1EE33100345124 /* Assets.xcassets */,
				FACF5D3F2B1EE32F00345124 /* Products */,
			);
			sourceTree = "<group>";
		};
		FACF5D3F2B1EE32F00345124 /* Products */ = {
			isa = PBXGroup;
			children = (
				FACF5D3E2B1EE32F00345124 /* Landmarks-marcocrasi.app */,
				FACF5D4E2B1EE33100345124 /* Landmarks-marcocrasiTests.xctest */,
				FACF5D582B1EE33100345124 /* Landmarks-marcocrasiUITests.xctest */,
				FA7C07DC2B2E7266007C8391 /* WatchLanmarks Watch App.app */,
				FA7C07EB2B2E7268007C8391 /* WatchLanmarks Watch AppTests.xctest */,
				FA7C07F52B2E7268007C8391 /* WatchLanmarks Watch AppUITests.xctest */,
				FA30A93A2B325D56004DED37 /* MacLandmarks.app */,
				FA30A94A2B325D58004DED37 /* MacLandmarksTests.xctest */,
				FA30A9542B325D58004DED37 /* MacLandmarksUITests.xctest */,
			);
			name = Products;
			sourceTree = "<group>";
		};
		FACF5D402B1EE32F00345124 /* Landmarks-marcocrasi */ = {
			isa = PBXGroup;
			children = (
				FACF5D412B1EE32F00345124 /* Landmarks_marcocrasiApp.swift */,
				FAFBE7FF2B27E5A400EF401B /* Views */,
				FAFBE8002B27E5C500EF401B /* Model */,
				FAFBE8012B27E63E00EF401B /* Resources */,
				FACF5D472B1EE33100345124 /* Preview Content */,
			);
			path = "Landmarks-marcocrasi";
			sourceTree = "<group>";
		};
		FACF5D472B1EE33100345124 /* Preview Content */ = {
			isa = PBXGroup;
			children = (
				FACF5D482B1EE33100345124 /* Preview Assets.xcassets */,
			);
			path = "Preview Content";
			sourceTree = "<group>";
		};
		FACF5D512B1EE33100345124 /* Landmarks-marcocrasiTests */ = {
			isa = PBXGroup;
			children = (
				FACF5D522B1EE33100345124 /* Landmarks_marcocrasiTests.swift */,
			);
			path = "Landmarks-marcocrasiTests";
			sourceTree = "<group>";
		};
		FACF5D5B2B1EE33100345124 /* Landmarks-marcocrasiUITests */ = {
			isa = PBXGroup;
			children = (
				FACF5D5C2B1EE33100345124 /* Landmarks_marcocrasiUITests.swift */,
				FACF5D5E2B1EE33100345124 /* Landmarks_marcocrasiUITestsLaunchTests.swift */,
			);
			path = "Landmarks-marcocrasiUITests";
			sourceTree = "<group>";
		};
		FAFBE7FF2B27E5A400EF401B /* Views */ = {
			isa = PBXGroup;
			children = (
				FACDE5822B2807E300D3AF01 /* ContentView.swift */,
				FA11D5672B2D6AA600728A08 /* PageView */,
				FA9A58D82B2ACE10002BD987 /* Profiles */,
				FA6AA9F32B2A76C10095FD61 /* Categories */,
				FA3446242B2956EA00690FCA /* Hikes */,
				FA34461F2B293CF200690FCA /* Badges */,
				FA4BA7FE2B283C7C00D0873B /* Landmarks */,
				FA4BA7FF2B283CE300D0873B /* Helper */,
			);
			path = Views;
			sourceTree = "<group>";
		};
		FAFBE8002B27E5C500EF401B /* Model */ = {
			isa = PBXGroup;
			children = (
				FAFBE7FB2B27DE8400EF401B /* Landmark.swift */,
				FAFBE7FD2B27E30D00EF401B /* ModelData.swift */,
				FA3446222B2953E600690FCA /* Hike.swift */,
				FA9A58D62B2ACADC002BD987 /* Profile.swift */,
			);
			path = Model;
			sourceTree = "<group>";
		};
		FAFBE8012B27E63E00EF401B /* Resources */ = {
			isa = PBXGroup;
			children = (
				FA7C07D42B2E6E74007C8391 /* hikeData.json */,
				FA7C07D52B2E6E74007C8391 /* landmarkData.json */,
			);
			path = Resources;
			sourceTree = "<group>";
		};
/* End PBXGroup section */

/* Begin PBXNativeTarget section */
		FA30A9392B325D55004DED37 /* MacLandmarks */ = {
			isa = PBXNativeTarget;
			buildConfigurationList = FA30A9622B325D58004DED37 /* Build configuration list for PBXNativeTarget "MacLandmarks" */;
			buildPhases = (
				FA30A9362B325D55004DED37 /* Sources */,
				FA30A9372B325D55004DED37 /* Frameworks */,
				FA30A9382B325D55004DED37 /* Resources */,
			);
			buildRules = (
			);
			dependencies = (
			);
			name = MacLandmarks;
			productName = MacLandmarks;
			productReference = FA30A93A2B325D56004DED37 /* MacLandmarks.app */;
			productType = "com.apple.product-type.application";
		};
		FA30A9492B325D58004DED37 /* MacLandmarksTests */ = {
			isa = PBXNativeTarget;
			buildConfigurationList = FA30A9632B325D58004DED37 /* Build configuration list for PBXNativeTarget "MacLandmarksTests" */;
			buildPhases = (
				FA30A9462B325D58004DED37 /* Sources */,
				FA30A9472B325D58004DED37 /* Frameworks */,
				FA30A9482B325D58004DED37 /* Resources */,
			);
			buildRules = (
			);
			dependencies = (
				FA30A94C2B325D58004DED37 /* PBXTargetDependency */,
			);
			name = MacLandmarksTests;
			productName = MacLandmarksTests;
			productReference = FA30A94A2B325D58004DED37 /* MacLandmarksTests.xctest */;
			productType = "com.apple.product-type.bundle.unit-test";
		};
		FA30A9532B325D58004DED37 /* MacLandmarksUITests */ = {
			isa = PBXNativeTarget;
			buildConfigurationList = FA30A9642B325D58004DED37 /* Build configuration list for PBXNativeTarget "MacLandmarksUITests" */;
			buildPhases = (
				FA30A9502B325D58004DED37 /* Sources */,
				FA30A9512B325D58004DED37 /* Frameworks */,
				FA30A9522B325D58004DED37 /* Resources */,
			);
			buildRules = (
			);
			dependencies = (
				FA30A9562B325D58004DED37 /* PBXTargetDependency */,
			);
			name = MacLandmarksUITests;
			productName = MacLandmarksUITests;
			productReference = FA30A9542B325D58004DED37 /* MacLandmarksUITests.xctest */;
			productType = "com.apple.product-type.bundle.ui-testing";
		};
		FA7C07DB2B2E7266007C8391 /* WatchLanmarks Watch App */ = {
			isa = PBXNativeTarget;
			buildConfigurationList = FA7C08002B2E7268007C8391 /* Build configuration list for PBXNativeTarget "WatchLanmarks Watch App" */;
			buildPhases = (
				FA7C07D82B2E7266007C8391 /* Sources */,
				FA7C07D92B2E7266007C8391 /* Frameworks */,
				FA7C07DA2B2E7266007C8391 /* Resources */,
			);
			buildRules = (
			);
			dependencies = (
			);
			name = "WatchLanmarks Watch App";
			productName = "WatchLanmarks Watch App";
			productReference = FA7C07DC2B2E7266007C8391 /* WatchLanmarks Watch App.app */;
			productType = "com.apple.product-type.application";
		};
		FA7C07EA2B2E7268007C8391 /* WatchLanmarks Watch AppTests */ = {
			isa = PBXNativeTarget;
			buildConfigurationList = FA7C08042B2E7268007C8391 /* Build configuration list for PBXNativeTarget "WatchLanmarks Watch AppTests" */;
			buildPhases = (
				FA7C07E72B2E7268007C8391 /* Sources */,
				FA7C07E82B2E7268007C8391 /* Frameworks */,
				FA7C07E92B2E7268007C8391 /* Resources */,
			);
			buildRules = (
			);
			dependencies = (
				FA7C07ED2B2E7268007C8391 /* PBXTargetDependency */,
			);
			name = "WatchLanmarks Watch AppTests";
			productName = "WatchLanmarks Watch AppTests";
			productReference = FA7C07EB2B2E7268007C8391 /* WatchLanmarks Watch AppTests.xctest */;
			productType = "com.apple.product-type.bundle.unit-test";
		};
		FA7C07F42B2E7268007C8391 /* WatchLanmarks Watch AppUITests */ = {
			isa = PBXNativeTarget;
			buildConfigurationList = FA7C08072B2E7268007C8391 /* Build configuration list for PBXNativeTarget "WatchLanmarks Watch AppUITests" */;
			buildPhases = (
				FA7C07F12B2E7268007C8391 /* Sources */,
				FA7C07F22B2E7268007C8391 /* Frameworks */,
				FA7C07F32B2E7268007C8391 /* Resources */,
			);
			buildRules = (
			);
			dependencies = (
				FA7C07F72B2E7268007C8391 /* PBXTargetDependency */,
			);
			name = "WatchLanmarks Watch AppUITests";
			productName = "WatchLanmarks Watch AppUITests";
			productReference = FA7C07F52B2E7268007C8391 /* WatchLanmarks Watch AppUITests.xctest */;
			productType = "com.apple.product-type.bundle.ui-testing";
		};
		FACF5D3D2B1EE32F00345124 /* Landmarks-marcocrasi */ = {
			isa = PBXNativeTarget;
			buildConfigurationList = FACF5D622B1EE33100345124 /* Build configuration list for PBXNativeTarget "Landmarks-marcocrasi" */;
			buildPhases = (
				FACF5D3A2B1EE32F00345124 /* Sources */,
				FACF5D3B2B1EE32F00345124 /* Frameworks */,
				FACF5D3C2B1EE32F00345124 /* Resources */,
				FA7C08032B2E7268007C8391 /* Embed Watch Content */,
			);
			buildRules = (
			);
			dependencies = (
				FA7C07FE2B2E7268007C8391 /* PBXTargetDependency */,
			);
			name = "Landmarks-marcocrasi";
			productName = "Landmarks-marcocrasi";
			productReference = FACF5D3E2B1EE32F00345124 /* Landmarks-marcocrasi.app */;
			productType = "com.apple.product-type.application";
		};
		FACF5D4D2B1EE33100345124 /* Landmarks-marcocrasiTests */ = {
			isa = PBXNativeTarget;
			buildConfigurationList = FACF5D652B1EE33100345124 /* Build configuration list for PBXNativeTarget "Landmarks-marcocrasiTests" */;
			buildPhases = (
				FACF5D4A2B1EE33100345124 /* Sources */,
				FACF5D4B2B1EE33100345124 /* Frameworks */,
				FACF5D4C2B1EE33100345124 /* Resources */,
			);
			buildRules = (
			);
			dependencies = (
				FACF5D502B1EE33100345124 /* PBXTargetDependency */,
			);
			name = "Landmarks-marcocrasiTests";
			productName = "Landmarks-marcocrasiTests";
			productReference = FACF5D4E2B1EE33100345124 /* Landmarks-marcocrasiTests.xctest */;
			productType = "com.apple.product-type.bundle.unit-test";
		};
		FACF5D572B1EE33100345124 /* Landmarks-marcocrasiUITests */ = {
			isa = PBXNativeTarget;
			buildConfigurationList = FACF5D682B1EE33100345124 /* Build configuration list for PBXNativeTarget "Landmarks-marcocrasiUITests" */;
			buildPhases = (
				FACF5D542B1EE33100345124 /* Sources */,
				FACF5D552B1EE33100345124 /* Frameworks */,
				FACF5D562B1EE33100345124 /* Resources */,
			);
			buildRules = (
			);
			dependencies = (
				FACF5D5A2B1EE33100345124 /* PBXTargetDependency */,
			);
			name = "Landmarks-marcocrasiUITests";
			productName = "Landmarks-marcocrasiUITests";
			productReference = FACF5D582B1EE33100345124 /* Landmarks-marcocrasiUITests.xctest */;
			productType = "com.apple.product-type.bundle.ui-testing";
		};
/* End PBXNativeTarget section */

/* Begin PBXProject section */
		FACF5D362B1EE32F00345124 /* Project object */ = {
			isa = PBXProject;
			attributes = {
				BuildIndependentTargetsInParallel = 1;
				LastSwiftUpdateCheck = 1510;
				LastUpgradeCheck = 1500;
				TargetAttributes = {
					FA30A9392B325D55004DED37 = {
						CreatedOnToolsVersion = 15.1;
					};
					FA30A9492B325D58004DED37 = {
						CreatedOnToolsVersion = 15.1;
						TestTargetID = FA30A9392B325D55004DED37;
					};
					FA30A9532B325D58004DED37 = {
						CreatedOnToolsVersion = 15.1;
						TestTargetID = FA30A9392B325D55004DED37;
					};
					FA7C07DB2B2E7266007C8391 = {
						CreatedOnToolsVersion = 15.1;
					};
					FA7C07EA2B2E7268007C8391 = {
						CreatedOnToolsVersion = 15.1;
						TestTargetID = FA7C07DB2B2E7266007C8391;
					};
					FA7C07F42B2E7268007C8391 = {
						CreatedOnToolsVersion = 15.1;
						TestTargetID = FA7C07DB2B2E7266007C8391;
					};
					FACF5D3D2B1EE32F00345124 = {
						CreatedOnToolsVersion = 15.0.1;
					};
					FACF5D4D2B1EE33100345124 = {
						CreatedOnToolsVersion = 15.0.1;
						TestTargetID = FACF5D3D2B1EE32F00345124;
					};
					FACF5D572B1EE33100345124 = {
						CreatedOnToolsVersion = 15.0.1;
						TestTargetID = FACF5D3D2B1EE32F00345124;
					};
				};
			};
			buildConfigurationList = FACF5D392B1EE32F00345124 /* Build configuration list for PBXProject "Landmarks-marcocrasi" */;
			compatibilityVersion = "Xcode 14.0";
			developmentRegion = en;
			hasScannedForEncodings = 0;
			knownRegions = (
				en,
				Base,
			);
			mainGroup = FACF5D352B1EE32F00345124;
			productRefGroup = FACF5D3F2B1EE32F00345124 /* Products */;
			projectDirPath = "";
			projectRoot = "";
			targets = (
				FACF5D3D2B1EE32F00345124 /* Landmarks-marcocrasi */,
				FACF5D4D2B1EE33100345124 /* Landmarks-marcocrasiTests */,
				FACF5D572B1EE33100345124 /* Landmarks-marcocrasiUITests */,
				FA7C07DB2B2E7266007C8391 /* WatchLanmarks Watch App */,
				FA7C07EA2B2E7268007C8391 /* WatchLanmarks Watch AppTests */,
				FA7C07F42B2E7268007C8391 /* WatchLanmarks Watch AppUITests */,
				FA30A9392B325D55004DED37 /* MacLandmarks */,
				FA30A9492B325D58004DED37 /* MacLandmarksTests */,
				FA30A9532B325D58004DED37 /* MacLandmarksUITests */,
			);
		};
/* End PBXProject section */

/* Begin PBXResourcesBuildPhase section */
		FA30A9382B325D55004DED37 /* Resources */ = {
			isa = PBXResourcesBuildPhase;
			buildActionMask = 2147483647;
			files = (
				FA30A96C2B325FA2004DED37 /* hikeData.json in Resources */,
				FA30A9442B325D58004DED37 /* Preview Assets.xcassets in Resources */,
				FA30A9652B325FA2004DED37 /* Assets.xcassets in Resources */,
				FA30A96F2B325FA2004DED37 /* landmarkData.json in Resources */,
				FA30A9412B325D58004DED37 /* Assets.xcassets in Resources */,
			);
			runOnlyForDeploymentPostprocessing = 0;
		};
		FA30A9482B325D58004DED37 /* Resources */ = {
			isa = PBXResourcesBuildPhase;
			buildActionMask = 2147483647;
			files = (
			);
			runOnlyForDeploymentPostprocessing = 0;
		};
		FA30A9522B325D58004DED37 /* Resources */ = {
			isa = PBXResourcesBuildPhase;
			buildActionMask = 2147483647;
			files = (
			);
			runOnlyForDeploymentPostprocessing = 0;
		};
		FA7C07DA2B2E7266007C8391 /* Resources */ = {
			isa = PBXResourcesBuildPhase;
			buildActionMask = 2147483647;
			files = (
				FA7C07E62B2E7268007C8391 /* Preview Assets.xcassets in Resources */,
				FA7C08142B2E75C4007C8391 /* landmarkData.json in Resources */,
				FA7C080A2B2E75C4007C8391 /* Assets.xcassets in Resources */,
				FA7C07E32B2E7268007C8391 /* Assets.xcassets in Resources */,
				FA7C08152B2E75C4007C8391 /* hikeData.json in Resources */,
			);
			runOnlyForDeploymentPostprocessing = 0;
		};
		FA7C07E92B2E7268007C8391 /* Resources */ = {
			isa = PBXResourcesBuildPhase;
			buildActionMask = 2147483647;
			files = (
			);
			runOnlyForDeploymentPostprocessing = 0;
		};
		FA7C07F32B2E7268007C8391 /* Resources */ = {
			isa = PBXResourcesBuildPhase;
			buildActionMask = 2147483647;
			files = (
			);
			runOnlyForDeploymentPostprocessing = 0;
		};
		FACF5D3C2B1EE32F00345124 /* Resources */ = {
			isa = PBXResourcesBuildPhase;
			buildActionMask = 2147483647;
			files = (
				FACF5D492B1EE33100345124 /* Preview Assets.xcassets in Resources */,
				FA7C07D72B2E6E74007C8391 /* landmarkData.json in Resources */,
				FA7C07D62B2E6E74007C8391 /* hikeData.json in Resources */,
				FACF5D462B1EE33100345124 /* Assets.xcassets in Resources */,
			);
			runOnlyForDeploymentPostprocessing = 0;
		};
		FACF5D4C2B1EE33100345124 /* Resources */ = {
			isa = PBXResourcesBuildPhase;
			buildActionMask = 2147483647;
			files = (
			);
			runOnlyForDeploymentPostprocessing = 0;
		};
		FACF5D562B1EE33100345124 /* Resources */ = {
			isa = PBXResourcesBuildPhase;
			buildActionMask = 2147483647;
			files = (
			);
			runOnlyForDeploymentPostprocessing = 0;
		};
/* End PBXResourcesBuildPhase section */

/* Begin PBXSourcesBuildPhase section */
		FA30A9362B325D55004DED37 /* Sources */ = {
			isa = PBXSourcesBuildPhase;
			buildActionMask = 2147483647;
			files = (
				FA30A96B2B325FA2004DED37 /* Landmark.swift in Sources */,
				FA30A9692B325FA2004DED37 /* Hike.swift in Sources */,
				FA7D92AA2B337D6C00D0C733 /* LandmarkSettings.swift in Sources */,
				FA30A96A2B325FA2004DED37 /* Profile.swift in Sources */,
				FA30A9702B325FA2004DED37 /* FavoriteButton.swift in Sources */,
				FAEA29682B329DF7001B4DAC /* LandmarkCommands.swift in Sources */,
				FA30A9732B326126004DED37 /* LandmarkDetail.swift in Sources */,
				FA30A96D2B325FA2004DED37 /* LandmarkList.swift in Sources */,
				FA30A93F2B325D56004DED37 /* ContentView.swift in Sources */,
				FA30A9682B325FA2004DED37 /* ModelData.swift in Sources */,
				FA30A9672B325FA2004DED37 /* Landmarks_marcocrasiApp.swift in Sources */,
				FA30A9712B325FA2004DED37 /* LandmarkRow.swift in Sources */,
				FA30A96E2B325FA2004DED37 /* MapView.swift in Sources */,
				FA30A9662B325FA2004DED37 /* CircleImage.swift in Sources */,
			);
			runOnlyForDeploymentPostprocessing = 0;
		};
		FA30A9462B325D58004DED37 /* Sources */ = {
			isa = PBXSourcesBuildPhase;
			buildActionMask = 2147483647;
			files = (
				FA30A94F2B325D58004DED37 /* MacLandmarksTests.swift in Sources */,
			);
			runOnlyForDeploymentPostprocessing = 0;
		};
		FA30A9502B325D58004DED37 /* Sources */ = {
			isa = PBXSourcesBuildPhase;
			buildActionMask = 2147483647;
			files = (
				FA30A95B2B325D58004DED37 /* MacLandmarksUITestsLaunchTests.swift in Sources */,
				FA30A9592B325D58004DED37 /* MacLandmarksUITests.swift in Sources */,
			);
			runOnlyForDeploymentPostprocessing = 0;
		};
		FA7C07D82B2E7266007C8391 /* Sources */ = {
			isa = PBXSourcesBuildPhase;
			buildActionMask = 2147483647;
			files = (
				FA7C08102B2E75C4007C8391 /* MapView.swift in Sources */,
				FA7C07E12B2E7266007C8391 /* ContentView.swift in Sources */,
				FA7C080F2B2E75C4007C8391 /* Profile.swift in Sources */,
				FA30A9752B327011004DED37 /* LandmarkList.swift in Sources */,
				FA7C080D2B2E75C4007C8391 /* ModelData.swift in Sources */,
				FA7C080C2B2E75C4007C8391 /* Landmarks_marcocrasiApp.swift in Sources */,
				FA7C08122B2E75C4007C8391 /* Hike.swift in Sources */,
				FA7C08112B2E75C4007C8391 /* LandmarkRow.swift in Sources */,
				FA7C080E2B2E75C4007C8391 /* Landmark.swift in Sources */,
				FA7C081B2B2E82C3007C8391 /* NotificationController.swift in Sources */,
				FA7C08132B2E75C4007C8391 /* CircleImage.swift in Sources */,
				FA7C08172B2E76B5007C8391 /* LandmarkDetail.swift in Sources */,
				FA7C08192B2E8127007C8391 /* NotificationsView.swift in Sources */,
			);
			runOnlyForDeploymentPostprocessing = 0;
		};
		FA7C07E72B2E7268007C8391 /* Sources */ = {
			isa = PBXSourcesBuildPhase;
			buildActionMask = 2147483647;
			files = (
				FA7C07F02B2E7268007C8391 /* WatchLanmarks_Watch_AppTests.swift in Sources */,
			);
			runOnlyForDeploymentPostprocessing = 0;
		};
		FA7C07F12B2E7268007C8391 /* Sources */ = {
			isa = PBXSourcesBuildPhase;
			buildActionMask = 2147483647;
			files = (
				FA7C07FA2B2E7268007C8391 /* WatchLanmarks_Watch_AppUITests.swift in Sources */,
				FA7C07FC2B2E7268007C8391 /* WatchLanmarks_Watch_AppUITestsLaunchTests.swift in Sources */,
			);
			runOnlyForDeploymentPostprocessing = 0;
		};
		FACF5D3A2B1EE32F00345124 /* Sources */ = {
			isa = PBXSourcesBuildPhase;
			buildActionMask = 2147483647;
			files = (
				FA6AA9F72B2A84070095FD61 /* CategoryRow.swift in Sources */,
				FA9A58D72B2ACADC002BD987 /* Profile.swift in Sources */,
				FAEA29672B329DF7001B4DAC /* LandmarkCommands.swift in Sources */,
				FACF5D442B1EE32F00345124 /* LandmarkDetail.swift in Sources */,
				FA6AA9F52B2A76EE0095FD61 /* CategoryHome.swift in Sources */,
				FA11D56B2B2D6F4C00728A08 /* FeatureCard.swift in Sources */,
				FA34462A2B2956EA00690FCA /* HikeGraph.swift in Sources */,
				FA34461E2B29396C00690FCA /* Badge.swift in Sources */,
				FAFBE7FE2B27E30D00EF401B /* ModelData.swift in Sources */,
				FA3446292B2956EA00690FCA /* GraphCapsule.swift in Sources */,
				FACF5D6E2B1EF9A500345124 /* MapView.swift in Sources */,
				FA11D56F2B2D7D1700728A08 /* PageControl.swift in Sources */,
				FA4BA7FD2B283AB900D0873B /* FavoriteButton.swift in Sources */,
				FA6AA9F92B2A86CC0095FD61 /* CategoryItem.swift in Sources */,
				FA34462B2B2956EA00690FCA /* HikeDetail.swift in Sources */,
				FA9A58DD2B2ACF7E002BD987 /* ProfileSummary.swift in Sources */,
				FACDE57F2B28033600D3AF01 /* LandmarkList.swift in Sources */,
				FA9A58DA2B2ACE39002BD987 /* ProfileHost.swift in Sources */,
				FA3446232B2953E600690FCA /* Hike.swift in Sources */,
				FA34461C2B29333300690FCA /* RotatedBadgeSymbol.swift in Sources */,
				FA11D56D2B2D724D00728A08 /* PageView.swift in Sources */,
				FA34461A2B292F2C00690FCA /* BadgeSymbol.swift in Sources */,
				FA6E2EAE2B2D1670003455E5 /* ProfileEditor.swift in Sources */,
				FACF5D422B1EE32F00345124 /* Landmarks_marcocrasiApp.swift in Sources */,
				FA34462C2B2956EA00690FCA /* HikeView.swift in Sources */,
				FACDE5832B2807E300D3AF01 /* ContentView.swift in Sources */,
				FA11D5692B2D6AFA00728A08 /* PageViewController.swift in Sources */,
				FA3446182B2923D100690FCA /* BadgeBackground.swift in Sources */,
				FA9A58DF2B2AD20A002BD987 /* HikeBadge.swift in Sources */,
				FACF5D6C2B1EF5A000345124 /* CircleImage.swift in Sources */,
				FAFBE8032B27E6B300EF401B /* LandmarkRow.swift in Sources */,
				FAFBE7FC2B27DE8400EF401B /* Landmark.swift in Sources */,
				FA3446162B2920DA00690FCA /* HexagonParameters.swift in Sources */,
			);
			runOnlyForDeploymentPostprocessing = 0;
		};
		FACF5D4A2B1EE33100345124 /* Sources */ = {
			isa = PBXSourcesBuildPhase;
			buildActionMask = 2147483647;
			files = (
				FACDE57C2B27FF4B00D3AF01 /* Landmarks_marcocrasiApp.swift in Sources */,
				FACF5D532B1EE33100345124 /* Landmarks_marcocrasiTests.swift in Sources */,
			);
			runOnlyForDeploymentPostprocessing = 0;
		};
		FACF5D542B1EE33100345124 /* Sources */ = {
			isa = PBXSourcesBuildPhase;
			buildActionMask = 2147483647;
			files = (
				FACF5D5F2B1EE33100345124 /* Landmarks_marcocrasiUITestsLaunchTests.swift in Sources */,
				FACF5D5D2B1EE33100345124 /* Landmarks_marcocrasiUITests.swift in Sources */,
				FACDE57D2B27FF4B00D3AF01 /* Landmarks_marcocrasiApp.swift in Sources */,
			);
			runOnlyForDeploymentPostprocessing = 0;
		};
/* End PBXSourcesBuildPhase section */

/* Begin PBXTargetDependency section */
		FA30A94C2B325D58004DED37 /* PBXTargetDependency */ = {
			isa = PBXTargetDependency;
			target = FA30A9392B325D55004DED37 /* MacLandmarks */;
			targetProxy = FA30A94B2B325D58004DED37 /* PBXContainerItemProxy */;
		};
		FA30A9562B325D58004DED37 /* PBXTargetDependency */ = {
			isa = PBXTargetDependency;
			target = FA30A9392B325D55004DED37 /* MacLandmarks */;
			targetProxy = FA30A9552B325D58004DED37 /* PBXContainerItemProxy */;
		};
		FA7C07ED2B2E7268007C8391 /* PBXTargetDependency */ = {
			isa = PBXTargetDependency;
			target = FA7C07DB2B2E7266007C8391 /* WatchLanmarks Watch App */;
			targetProxy = FA7C07EC2B2E7268007C8391 /* PBXContainerItemProxy */;
		};
		FA7C07F72B2E7268007C8391 /* PBXTargetDependency */ = {
			isa = PBXTargetDependency;
			target = FA7C07DB2B2E7266007C8391 /* WatchLanmarks Watch App */;
			targetProxy = FA7C07F62B2E7268007C8391 /* PBXContainerItemProxy */;
		};
		FA7C07FE2B2E7268007C8391 /* PBXTargetDependency */ = {
			isa = PBXTargetDependency;
			target = FA7C07DB2B2E7266007C8391 /* WatchLanmarks Watch App */;
			targetProxy = FA7C07FD2B2E7268007C8391 /* PBXContainerItemProxy */;
		};
		FACF5D502B1EE33100345124 /* PBXTargetDependency */ = {
			isa = PBXTargetDependency;
			target = FACF5D3D2B1EE32F00345124 /* Landmarks-marcocrasi */;
			targetProxy = FACF5D4F2B1EE33100345124 /* PBXContainerItemProxy */;
		};
		FACF5D5A2B1EE33100345124 /* PBXTargetDependency */ = {
			isa = PBXTargetDependency;
			target = FACF5D3D2B1EE32F00345124 /* Landmarks-marcocrasi */;
			targetProxy = FACF5D592B1EE33100345124 /* PBXContainerItemProxy */;
		};
/* End PBXTargetDependency section */

/* Begin XCBuildConfiguration section */
		FA30A95C2B325D58004DED37 /* Debug */ = {
			isa = XCBuildConfiguration;
			buildSettings = {
				ASSETCATALOG_COMPILER_APPICON_NAME = AppIcon;
				ASSETCATALOG_COMPILER_GLOBAL_ACCENT_COLOR_NAME = AccentColor;
				CODE_SIGN_ENTITLEMENTS = MacLandmarks/MacLandmarks.entitlements;
				CODE_SIGN_STYLE = Automatic;
				COMBINE_HIDPI_IMAGES = YES;
				CURRENT_PROJECT_VERSION = 1;
				DEVELOPMENT_ASSET_PATHS = "\"MacLandmarks/Preview Content\"";
				DEVELOPMENT_TEAM = FBMZV29F7P;
				ENABLE_HARDENED_RUNTIME = YES;
				ENABLE_PREVIEWS = YES;
				GENERATE_INFOPLIST_FILE = YES;
				INFOPLIST_KEY_NSHumanReadableCopyright = "";
				LD_RUNPATH_SEARCH_PATHS = (
					"$(inherited)",
					"@executable_path/../Frameworks",
				);
				MACOSX_DEPLOYMENT_TARGET = 14.2;
				MARKETING_VERSION = 1.0;
				PRODUCT_BUNDLE_IDENTIFIER = com.example.marcocrasi.MacLandmarks;
				PRODUCT_NAME = "$(TARGET_NAME)";
				SDKROOT = macosx;
				SWIFT_EMIT_LOC_STRINGS = YES;
				SWIFT_VERSION = 5.0;
			};
			name = Debug;
		};
		FA30A95D2B325D58004DED37 /* Release */ = {
			isa = XCBuildConfiguration;
			buildSettings = {
				ASSETCATALOG_COMPILER_APPICON_NAME = AppIcon;
				ASSETCATALOG_COMPILER_GLOBAL_ACCENT_COLOR_NAME = AccentColor;
				CODE_SIGN_ENTITLEMENTS = MacLandmarks/MacLandmarks.entitlements;
				CODE_SIGN_STYLE = Automatic;
				COMBINE_HIDPI_IMAGES = YES;
				CURRENT_PROJECT_VERSION = 1;
				DEVELOPMENT_ASSET_PATHS = "\"MacLandmarks/Preview Content\"";
				DEVELOPMENT_TEAM = FBMZV29F7P;
				ENABLE_HARDENED_RUNTIME = YES;
				ENABLE_PREVIEWS = YES;
				GENERATE_INFOPLIST_FILE = YES;
				INFOPLIST_KEY_NSHumanReadableCopyright = "";
				LD_RUNPATH_SEARCH_PATHS = (
					"$(inherited)",
					"@executable_path/../Frameworks",
				);
				MACOSX_DEPLOYMENT_TARGET = 14.2;
				MARKETING_VERSION = 1.0;
				PRODUCT_BUNDLE_IDENTIFIER = com.example.marcocrasi.MacLandmarks;
				PRODUCT_NAME = "$(TARGET_NAME)";
				SDKROOT = macosx;
				SWIFT_EMIT_LOC_STRINGS = YES;
				SWIFT_VERSION = 5.0;
			};
			name = Release;
		};
		FA30A95E2B325D58004DED37 /* Debug */ = {
			isa = XCBuildConfiguration;
			buildSettings = {
				ALWAYS_EMBED_SWIFT_STANDARD_LIBRARIES = YES;
				BUNDLE_LOADER = "$(TEST_HOST)";
				CODE_SIGN_STYLE = Automatic;
				CURRENT_PROJECT_VERSION = 1;
				DEVELOPMENT_TEAM = FBMZV29F7P;
				GENERATE_INFOPLIST_FILE = YES;
				MACOSX_DEPLOYMENT_TARGET = 14.2;
				MARKETING_VERSION = 1.0;
				PRODUCT_BUNDLE_IDENTIFIER = com.example.marcocrasi.MacLandmarksTests;
				PRODUCT_NAME = "$(TARGET_NAME)";
				SDKROOT = macosx;
				SWIFT_EMIT_LOC_STRINGS = NO;
				SWIFT_VERSION = 5.0;
				TEST_HOST = "$(BUILT_PRODUCTS_DIR)/MacLandmarks.app/$(BUNDLE_EXECUTABLE_FOLDER_PATH)/MacLandmarks";
			};
			name = Debug;
		};
		FA30A95F2B325D58004DED37 /* Release */ = {
			isa = XCBuildConfiguration;
			buildSettings = {
				ALWAYS_EMBED_SWIFT_STANDARD_LIBRARIES = YES;
				BUNDLE_LOADER = "$(TEST_HOST)";
				CODE_SIGN_STYLE = Automatic;
				CURRENT_PROJECT_VERSION = 1;
				DEVELOPMENT_TEAM = FBMZV29F7P;
				GENERATE_INFOPLIST_FILE = YES;
				MACOSX_DEPLOYMENT_TARGET = 14.2;
				MARKETING_VERSION = 1.0;
				PRODUCT_BUNDLE_IDENTIFIER = com.example.marcocrasi.MacLandmarksTests;
				PRODUCT_NAME = "$(TARGET_NAME)";
				SDKROOT = macosx;
				SWIFT_EMIT_LOC_STRINGS = NO;
				SWIFT_VERSION = 5.0;
				TEST_HOST = "$(BUILT_PRODUCTS_DIR)/MacLandmarks.app/$(BUNDLE_EXECUTABLE_FOLDER_PATH)/MacLandmarks";
			};
			name = Release;
		};
		FA30A9602B325D58004DED37 /* Debug */ = {
			isa = XCBuildConfiguration;
			buildSettings = {
				ALWAYS_EMBED_SWIFT_STANDARD_LIBRARIES = YES;
				CODE_SIGN_STYLE = Automatic;
				CURRENT_PROJECT_VERSION = 1;
				DEVELOPMENT_TEAM = FBMZV29F7P;
				GENERATE_INFOPLIST_FILE = YES;
				MACOSX_DEPLOYMENT_TARGET = 14.2;
				MARKETING_VERSION = 1.0;
				PRODUCT_BUNDLE_IDENTIFIER = com.example.marcocrasi.MacLandmarksUITests;
				PRODUCT_NAME = "$(TARGET_NAME)";
				SDKROOT = macosx;
				SWIFT_EMIT_LOC_STRINGS = NO;
				SWIFT_VERSION = 5.0;
				TEST_TARGET_NAME = MacLandmarks;
			};
			name = Debug;
		};
		FA30A9612B325D58004DED37 /* Release */ = {
			isa = XCBuildConfiguration;
			buildSettings = {
				ALWAYS_EMBED_SWIFT_STANDARD_LIBRARIES = YES;
				CODE_SIGN_STYLE = Automatic;
				CURRENT_PROJECT_VERSION = 1;
				DEVELOPMENT_TEAM = FBMZV29F7P;
				GENERATE_INFOPLIST_FILE = YES;
				MACOSX_DEPLOYMENT_TARGET = 14.2;
				MARKETING_VERSION = 1.0;
				PRODUCT_BUNDLE_IDENTIFIER = com.example.marcocrasi.MacLandmarksUITests;
				PRODUCT_NAME = "$(TARGET_NAME)";
				SDKROOT = macosx;
				SWIFT_EMIT_LOC_STRINGS = NO;
				SWIFT_VERSION = 5.0;
				TEST_TARGET_NAME = MacLandmarks;
			};
			name = Release;
		};
		FA7C08012B2E7268007C8391 /* Debug */ = {
			isa = XCBuildConfiguration;
			buildSettings = {
				ASSETCATALOG_COMPILER_APPICON_NAME = AppIcon;
				ASSETCATALOG_COMPILER_GLOBAL_ACCENT_COLOR_NAME = AccentColor;
				CODE_SIGN_STYLE = Automatic;
				CURRENT_PROJECT_VERSION = 1;
				DEVELOPMENT_ASSET_PATHS = "\"WatchLanmarks Watch App/Preview Content\"";
				DEVELOPMENT_TEAM = FBMZV29F7P;
				ENABLE_PREVIEWS = YES;
				GENERATE_INFOPLIST_FILE = YES;
				INFOPLIST_KEY_CFBundleDisplayName = WatchLanmarks;
				INFOPLIST_KEY_UISupportedInterfaceOrientations = "UIInterfaceOrientationPortrait UIInterfaceOrientationPortraitUpsideDown";
				INFOPLIST_KEY_WKCompanionAppBundleIdentifier = "com.example.marcocrasi.Landmarks-marcocrasi";
				INFOPLIST_KEY_WKRunsIndependentlyOfCompanionApp = YES;
				LD_RUNPATH_SEARCH_PATHS = (
					"$(inherited)",
					"@executable_path/Frameworks",
				);
				MARKETING_VERSION = 1.0;
				PRODUCT_BUNDLE_IDENTIFIER = "com.example.marcocrasi.Landmarks-marcocrasi.watchkitapp";
				PRODUCT_NAME = "$(TARGET_NAME)";
				SDKROOT = watchos;
				SKIP_INSTALL = YES;
				SWIFT_EMIT_LOC_STRINGS = YES;
				SWIFT_VERSION = 5.0;
				TARGETED_DEVICE_FAMILY = 4;
				WATCHOS_DEPLOYMENT_TARGET = 10.2;
			};
			name = Debug;
		};
		FA7C08022B2E7268007C8391 /* Release */ = {
			isa = XCBuildConfiguration;
			buildSettings = {
				ASSETCATALOG_COMPILER_APPICON_NAME = AppIcon;
				ASSETCATALOG_COMPILER_GLOBAL_ACCENT_COLOR_NAME = AccentColor;
				CODE_SIGN_STYLE = Automatic;
				CURRENT_PROJECT_VERSION = 1;
				DEVELOPMENT_ASSET_PATHS = "\"WatchLanmarks Watch App/Preview Content\"";
				DEVELOPMENT_TEAM = FBMZV29F7P;
				ENABLE_PREVIEWS = YES;
				GENERATE_INFOPLIST_FILE = YES;
				INFOPLIST_KEY_CFBundleDisplayName = WatchLanmarks;
				INFOPLIST_KEY_UISupportedInterfaceOrientations = "UIInterfaceOrientationPortrait UIInterfaceOrientationPortraitUpsideDown";
				INFOPLIST_KEY_WKCompanionAppBundleIdentifier = "com.example.marcocrasi.Landmarks-marcocrasi";
				INFOPLIST_KEY_WKRunsIndependentlyOfCompanionApp = YES;
				LD_RUNPATH_SEARCH_PATHS = (
					"$(inherited)",
					"@executable_path/Frameworks",
				);
				MARKETING_VERSION = 1.0;
				PRODUCT_BUNDLE_IDENTIFIER = "com.example.marcocrasi.Landmarks-marcocrasi.watchkitapp";
				PRODUCT_NAME = "$(TARGET_NAME)";
				SDKROOT = watchos;
				SKIP_INSTALL = YES;
				SWIFT_EMIT_LOC_STRINGS = YES;
				SWIFT_VERSION = 5.0;
				TARGETED_DEVICE_FAMILY = 4;
				WATCHOS_DEPLOYMENT_TARGET = 10.2;
			};
			name = Release;
		};
		FA7C08052B2E7268007C8391 /* Debug */ = {
			isa = XCBuildConfiguration;
			buildSettings = {
				ALWAYS_EMBED_SWIFT_STANDARD_LIBRARIES = YES;
				BUNDLE_LOADER = "$(TEST_HOST)";
				CODE_SIGN_STYLE = Automatic;
				CURRENT_PROJECT_VERSION = 1;
				DEVELOPMENT_TEAM = FBMZV29F7P;
				GENERATE_INFOPLIST_FILE = YES;
				MARKETING_VERSION = 1.0;
				PRODUCT_BUNDLE_IDENTIFIER = "com.example.marcocrasi.WatchLanmarks-Watch-AppTests";
				PRODUCT_NAME = "$(TARGET_NAME)";
				SDKROOT = watchos;
				SWIFT_EMIT_LOC_STRINGS = NO;
				SWIFT_VERSION = 5.0;
				TARGETED_DEVICE_FAMILY = 4;
				TEST_HOST = "$(BUILT_PRODUCTS_DIR)/WatchLanmarks Watch App.app/$(BUNDLE_EXECUTABLE_FOLDER_PATH)/WatchLanmarks Watch App";
				WATCHOS_DEPLOYMENT_TARGET = 10.2;
			};
			name = Debug;
		};
		FA7C08062B2E7268007C8391 /* Release */ = {
			isa = XCBuildConfiguration;
			buildSettings = {
				ALWAYS_EMBED_SWIFT_STANDARD_LIBRARIES = YES;
				BUNDLE_LOADER = "$(TEST_HOST)";
				CODE_SIGN_STYLE = Automatic;
				CURRENT_PROJECT_VERSION = 1;
				DEVELOPMENT_TEAM = FBMZV29F7P;
				GENERATE_INFOPLIST_FILE = YES;
				MARKETING_VERSION = 1.0;
				PRODUCT_BUNDLE_IDENTIFIER = "com.example.marcocrasi.WatchLanmarks-Watch-AppTests";
				PRODUCT_NAME = "$(TARGET_NAME)";
				SDKROOT = watchos;
				SWIFT_EMIT_LOC_STRINGS = NO;
				SWIFT_VERSION = 5.0;
				TARGETED_DEVICE_FAMILY = 4;
				TEST_HOST = "$(BUILT_PRODUCTS_DIR)/WatchLanmarks Watch App.app/$(BUNDLE_EXECUTABLE_FOLDER_PATH)/WatchLanmarks Watch App";
				WATCHOS_DEPLOYMENT_TARGET = 10.2;
			};
			name = Release;
		};
		FA7C08082B2E7268007C8391 /* Debug */ = {
			isa = XCBuildConfiguration;
			buildSettings = {
				ALWAYS_EMBED_SWIFT_STANDARD_LIBRARIES = YES;
				CODE_SIGN_STYLE = Automatic;
				CURRENT_PROJECT_VERSION = 1;
				DEVELOPMENT_TEAM = FBMZV29F7P;
				GENERATE_INFOPLIST_FILE = YES;
				MARKETING_VERSION = 1.0;
				PRODUCT_BUNDLE_IDENTIFIER = "com.example.marcocrasi.WatchLanmarks-Watch-AppUITests";
				PRODUCT_NAME = "$(TARGET_NAME)";
				SDKROOT = watchos;
				SWIFT_EMIT_LOC_STRINGS = NO;
				SWIFT_VERSION = 5.0;
				TARGETED_DEVICE_FAMILY = 4;
				TEST_TARGET_NAME = "WatchLanmarks Watch App";
				WATCHOS_DEPLOYMENT_TARGET = 10.2;
			};
			name = Debug;
		};
		FA7C08092B2E7268007C8391 /* Release */ = {
			isa = XCBuildConfiguration;
			buildSettings = {
				ALWAYS_EMBED_SWIFT_STANDARD_LIBRARIES = YES;
				CODE_SIGN_STYLE = Automatic;
				CURRENT_PROJECT_VERSION = 1;
				DEVELOPMENT_TEAM = FBMZV29F7P;
				GENERATE_INFOPLIST_FILE = YES;
				MARKETING_VERSION = 1.0;
				PRODUCT_BUNDLE_IDENTIFIER = "com.example.marcocrasi.WatchLanmarks-Watch-AppUITests";
				PRODUCT_NAME = "$(TARGET_NAME)";
				SDKROOT = watchos;
				SWIFT_EMIT_LOC_STRINGS = NO;
				SWIFT_VERSION = 5.0;
				TARGETED_DEVICE_FAMILY = 4;
				TEST_TARGET_NAME = "WatchLanmarks Watch App";
				WATCHOS_DEPLOYMENT_TARGET = 10.2;
			};
			name = Release;
		};
		FACF5D602B1EE33100345124 /* Debug */ = {
			isa = XCBuildConfiguration;
			buildSettings = {
				ALWAYS_SEARCH_USER_PATHS = NO;
				ASSETCATALOG_COMPILER_GENERATE_SWIFT_ASSET_SYMBOL_EXTENSIONS = YES;
				CLANG_ANALYZER_NONNULL = YES;
				CLANG_ANALYZER_NUMBER_OBJECT_CONVERSION = YES_AGGRESSIVE;
				CLANG_CXX_LANGUAGE_STANDARD = "gnu++20";
				CLANG_ENABLE_MODULES = YES;
				CLANG_ENABLE_OBJC_ARC = YES;
				CLANG_ENABLE_OBJC_WEAK = YES;
				CLANG_WARN_BLOCK_CAPTURE_AUTORELEASING = YES;
				CLANG_WARN_BOOL_CONVERSION = YES;
				CLANG_WARN_COMMA = YES;
				CLANG_WARN_CONSTANT_CONVERSION = YES;
				CLANG_WARN_DEPRECATED_OBJC_IMPLEMENTATIONS = YES;
				CLANG_WARN_DIRECT_OBJC_ISA_USAGE = YES_ERROR;
				CLANG_WARN_DOCUMENTATION_COMMENTS = YES;
				CLANG_WARN_EMPTY_BODY = YES;
				CLANG_WARN_ENUM_CONVERSION = YES;
				CLANG_WARN_INFINITE_RECURSION = YES;
				CLANG_WARN_INT_CONVERSION = YES;
				CLANG_WARN_NON_LITERAL_NULL_CONVERSION = YES;
				CLANG_WARN_OBJC_IMPLICIT_RETAIN_SELF = YES;
				CLANG_WARN_OBJC_LITERAL_CONVERSION = YES;
				CLANG_WARN_OBJC_ROOT_CLASS = YES_ERROR;
				CLANG_WARN_QUOTED_INCLUDE_IN_FRAMEWORK_HEADER = YES;
				CLANG_WARN_RANGE_LOOP_ANALYSIS = YES;
				CLANG_WARN_STRICT_PROTOTYPES = YES;
				CLANG_WARN_SUSPICIOUS_MOVE = YES;
				CLANG_WARN_UNGUARDED_AVAILABILITY = YES_AGGRESSIVE;
				CLANG_WARN_UNREACHABLE_CODE = YES;
				CLANG_WARN__DUPLICATE_METHOD_MATCH = YES;
				COPY_PHASE_STRIP = NO;
				DEBUG_INFORMATION_FORMAT = dwarf;
				ENABLE_STRICT_OBJC_MSGSEND = YES;
				ENABLE_TESTABILITY = YES;
				ENABLE_USER_SCRIPT_SANDBOXING = YES;
				GCC_C_LANGUAGE_STANDARD = gnu17;
				GCC_DYNAMIC_NO_PIC = NO;
				GCC_NO_COMMON_BLOCKS = YES;
				GCC_OPTIMIZATION_LEVEL = 0;
				GCC_PREPROCESSOR_DEFINITIONS = (
					"DEBUG=1",
					"$(inherited)",
				);
				GCC_WARN_64_TO_32_BIT_CONVERSION = YES;
				GCC_WARN_ABOUT_RETURN_TYPE = YES_ERROR;
				GCC_WARN_UNDECLARED_SELECTOR = YES;
				GCC_WARN_UNINITIALIZED_AUTOS = YES_AGGRESSIVE;
				GCC_WARN_UNUSED_FUNCTION = YES;
				GCC_WARN_UNUSED_VARIABLE = YES;
				IPHONEOS_DEPLOYMENT_TARGET = 17.0;
				LOCALIZATION_PREFERS_STRING_CATALOGS = YES;
				MTL_ENABLE_DEBUG_INFO = INCLUDE_SOURCE;
				MTL_FAST_MATH = YES;
				ONLY_ACTIVE_ARCH = YES;
				SDKROOT = iphoneos;
				SWIFT_ACTIVE_COMPILATION_CONDITIONS = "DEBUG $(inherited)";
				SWIFT_OPTIMIZATION_LEVEL = "-Onone";
			};
			name = Debug;
		};
		FACF5D612B1EE33100345124 /* Release */ = {
			isa = XCBuildConfiguration;
			buildSettings = {
				ALWAYS_SEARCH_USER_PATHS = NO;
				ASSETCATALOG_COMPILER_GENERATE_SWIFT_ASSET_SYMBOL_EXTENSIONS = YES;
				CLANG_ANALYZER_NONNULL = YES;
				CLANG_ANALYZER_NUMBER_OBJECT_CONVERSION = YES_AGGRESSIVE;
				CLANG_CXX_LANGUAGE_STANDARD = "gnu++20";
				CLANG_ENABLE_MODULES = YES;
				CLANG_ENABLE_OBJC_ARC = YES;
				CLANG_ENABLE_OBJC_WEAK = YES;
				CLANG_WARN_BLOCK_CAPTURE_AUTORELEASING = YES;
				CLANG_WARN_BOOL_CONVERSION = YES;
				CLANG_WARN_COMMA = YES;
				CLANG_WARN_CONSTANT_CONVERSION = YES;
				CLANG_WARN_DEPRECATED_OBJC_IMPLEMENTATIONS = YES;
				CLANG_WARN_DIRECT_OBJC_ISA_USAGE = YES_ERROR;
				CLANG_WARN_DOCUMENTATION_COMMENTS = YES;
				CLANG_WARN_EMPTY_BODY = YES;
				CLANG_WARN_ENUM_CONVERSION = YES;
				CLANG_WARN_INFINITE_RECURSION = YES;
				CLANG_WARN_INT_CONVERSION = YES;
				CLANG_WARN_NON_LITERAL_NULL_CONVERSION = YES;
				CLANG_WARN_OBJC_IMPLICIT_RETAIN_SELF = YES;
				CLANG_WARN_OBJC_LITERAL_CONVERSION = YES;
				CLANG_WARN_OBJC_ROOT_CLASS = YES_ERROR;
				CLANG_WARN_QUOTED_INCLUDE_IN_FRAMEWORK_HEADER = YES;
				CLANG_WARN_RANGE_LOOP_ANALYSIS = YES;
				CLANG_WARN_STRICT_PROTOTYPES = YES;
				CLANG_WARN_SUSPICIOUS_MOVE = YES;
				CLANG_WARN_UNGUARDED_AVAILABILITY = YES_AGGRESSIVE;
				CLANG_WARN_UNREACHABLE_CODE = YES;
				CLANG_WARN__DUPLICATE_METHOD_MATCH = YES;
				COPY_PHASE_STRIP = NO;
				DEBUG_INFORMATION_FORMAT = "dwarf-with-dsym";
				ENABLE_NS_ASSERTIONS = NO;
				ENABLE_STRICT_OBJC_MSGSEND = YES;
				ENABLE_USER_SCRIPT_SANDBOXING = YES;
				GCC_C_LANGUAGE_STANDARD = gnu17;
				GCC_NO_COMMON_BLOCKS = YES;
				GCC_WARN_64_TO_32_BIT_CONVERSION = YES;
				GCC_WARN_ABOUT_RETURN_TYPE = YES_ERROR;
				GCC_WARN_UNDECLARED_SELECTOR = YES;
				GCC_WARN_UNINITIALIZED_AUTOS = YES_AGGRESSIVE;
				GCC_WARN_UNUSED_FUNCTION = YES;
				GCC_WARN_UNUSED_VARIABLE = YES;
				IPHONEOS_DEPLOYMENT_TARGET = 17.0;
				LOCALIZATION_PREFERS_STRING_CATALOGS = YES;
				MTL_ENABLE_DEBUG_INFO = NO;
				MTL_FAST_MATH = YES;
				SDKROOT = iphoneos;
				SWIFT_COMPILATION_MODE = wholemodule;
				VALIDATE_PRODUCT = YES;
			};
			name = Release;
		};
		FACF5D632B1EE33100345124 /* Debug */ = {
			isa = XCBuildConfiguration;
			buildSettings = {
				ALWAYS_EMBED_SWIFT_STANDARD_LIBRARIES = YES;
				ASSETCATALOG_COMPILER_APPICON_NAME = AppIcon;
				ASSETCATALOG_COMPILER_GLOBAL_ACCENT_COLOR_NAME = AccentColor;
				CODE_SIGN_STYLE = Automatic;
				CURRENT_PROJECT_VERSION = 1;
				DEVELOPMENT_ASSET_PATHS = "\"Landmarks-marcocrasi/Preview Content\"";
				DEVELOPMENT_TEAM = FBMZV29F7P;
				ENABLE_PREVIEWS = YES;
				GENERATE_INFOPLIST_FILE = YES;
				INFOPLIST_KEY_UIApplicationSceneManifest_Generation = YES;
				INFOPLIST_KEY_UIApplicationSupportsIndirectInputEvents = YES;
				INFOPLIST_KEY_UILaunchScreen_Generation = YES;
				INFOPLIST_KEY_UISupportedInterfaceOrientations_iPad = "UIInterfaceOrientationPortrait UIInterfaceOrientationPortraitUpsideDown UIInterfaceOrientationLandscapeLeft UIInterfaceOrientationLandscapeRight";
				INFOPLIST_KEY_UISupportedInterfaceOrientations_iPhone = "UIInterfaceOrientationPortrait UIInterfaceOrientationLandscapeLeft UIInterfaceOrientationLandscapeRight";
				LD_RUNPATH_SEARCH_PATHS = (
					"$(inherited)",
					"@executable_path/Frameworks",
				);
				MARKETING_VERSION = 1.0;
				PRODUCT_BUNDLE_IDENTIFIER = "com.example.marcocrasi.Landmarks-marcocrasi";
				PRODUCT_NAME = "$(TARGET_NAME)";
				SWIFT_EMIT_LOC_STRINGS = YES;
				SWIFT_VERSION = 5.0;
				TARGETED_DEVICE_FAMILY = "1,2";
			};
			name = Debug;
		};
		FACF5D642B1EE33100345124 /* Release */ = {
			isa = XCBuildConfiguration;
			buildSettings = {
				ALWAYS_EMBED_SWIFT_STANDARD_LIBRARIES = YES;
				ASSETCATALOG_COMPILER_APPICON_NAME = AppIcon;
				ASSETCATALOG_COMPILER_GLOBAL_ACCENT_COLOR_NAME = AccentColor;
				CODE_SIGN_STYLE = Automatic;
				CURRENT_PROJECT_VERSION = 1;
				DEVELOPMENT_ASSET_PATHS = "\"Landmarks-marcocrasi/Preview Content\"";
				DEVELOPMENT_TEAM = FBMZV29F7P;
				ENABLE_PREVIEWS = YES;
				GENERATE_INFOPLIST_FILE = YES;
				INFOPLIST_KEY_UIApplicationSceneManifest_Generation = YES;
				INFOPLIST_KEY_UIApplicationSupportsIndirectInputEvents = YES;
				INFOPLIST_KEY_UILaunchScreen_Generation = YES;
				INFOPLIST_KEY_UISupportedInterfaceOrientations_iPad = "UIInterfaceOrientationPortrait UIInterfaceOrientationPortraitUpsideDown UIInterfaceOrientationLandscapeLeft UIInterfaceOrientationLandscapeRight";
				INFOPLIST_KEY_UISupportedInterfaceOrientations_iPhone = "UIInterfaceOrientationPortrait UIInterfaceOrientationLandscapeLeft UIInterfaceOrientationLandscapeRight";
				LD_RUNPATH_SEARCH_PATHS = (
					"$(inherited)",
					"@executable_path/Frameworks",
				);
				MARKETING_VERSION = 1.0;
				PRODUCT_BUNDLE_IDENTIFIER = "com.example.marcocrasi.Landmarks-marcocrasi";
				PRODUCT_NAME = "$(TARGET_NAME)";
				SWIFT_EMIT_LOC_STRINGS = YES;
				SWIFT_VERSION = 5.0;
				TARGETED_DEVICE_FAMILY = "1,2";
			};
			name = Release;
		};
		FACF5D662B1EE33100345124 /* Debug */ = {
			isa = XCBuildConfiguration;
			buildSettings = {
				ALWAYS_EMBED_SWIFT_STANDARD_LIBRARIES = YES;
				BUNDLE_LOADER = "$(TEST_HOST)";
				CODE_SIGN_STYLE = Automatic;
				CURRENT_PROJECT_VERSION = 1;
				DEVELOPMENT_TEAM = FBMZV29F7P;
				GENERATE_INFOPLIST_FILE = YES;
				IPHONEOS_DEPLOYMENT_TARGET = 17.0;
				MARKETING_VERSION = 1.0;
				PRODUCT_BUNDLE_IDENTIFIER = "com.example.marcocrasi.Landmarks-marcocrasiTests";
				PRODUCT_NAME = "$(TARGET_NAME)";
				SWIFT_EMIT_LOC_STRINGS = NO;
				SWIFT_VERSION = 5.0;
				TARGETED_DEVICE_FAMILY = "1,2";
				TEST_HOST = "$(BUILT_PRODUCTS_DIR)/Landmarks-marcocrasi.app/$(BUNDLE_EXECUTABLE_FOLDER_PATH)/Landmarks-marcocrasi";
			};
			name = Debug;
		};
		FACF5D672B1EE33100345124 /* Release */ = {
			isa = XCBuildConfiguration;
			buildSettings = {
				ALWAYS_EMBED_SWIFT_STANDARD_LIBRARIES = YES;
				BUNDLE_LOADER = "$(TEST_HOST)";
				CODE_SIGN_STYLE = Automatic;
				CURRENT_PROJECT_VERSION = 1;
				DEVELOPMENT_TEAM = FBMZV29F7P;
				GENERATE_INFOPLIST_FILE = YES;
				IPHONEOS_DEPLOYMENT_TARGET = 17.0;
				MARKETING_VERSION = 1.0;
				PRODUCT_BUNDLE_IDENTIFIER = "com.example.marcocrasi.Landmarks-marcocrasiTests";
				PRODUCT_NAME = "$(TARGET_NAME)";
				SWIFT_EMIT_LOC_STRINGS = NO;
				SWIFT_VERSION = 5.0;
				TARGETED_DEVICE_FAMILY = "1,2";
				TEST_HOST = "$(BUILT_PRODUCTS_DIR)/Landmarks-marcocrasi.app/$(BUNDLE_EXECUTABLE_FOLDER_PATH)/Landmarks-marcocrasi";
			};
			name = Release;
		};
		FACF5D692B1EE33100345124 /* Debug */ = {
			isa = XCBuildConfiguration;
			buildSettings = {
				ALWAYS_EMBED_SWIFT_STANDARD_LIBRARIES = YES;
				CODE_SIGN_STYLE = Automatic;
				CURRENT_PROJECT_VERSION = 1;
				DEVELOPMENT_TEAM = FBMZV29F7P;
				GENERATE_INFOPLIST_FILE = YES;
				MARKETING_VERSION = 1.0;
				PRODUCT_BUNDLE_IDENTIFIER = "com.example.marcocrasi.Landmarks-marcocrasiUITests";
				PRODUCT_NAME = "$(TARGET_NAME)";
				SWIFT_EMIT_LOC_STRINGS = NO;
				SWIFT_VERSION = 5.0;
				TARGETED_DEVICE_FAMILY = "1,2";
				TEST_TARGET_NAME = "Landmarks-marcocrasi";
			};
			name = Debug;
		};
		FACF5D6A2B1EE33100345124 /* Release */ = {
			isa = XCBuildConfiguration;
			buildSettings = {
				ALWAYS_EMBED_SWIFT_STANDARD_LIBRARIES = YES;
				CODE_SIGN_STYLE = Automatic;
				CURRENT_PROJECT_VERSION = 1;
				DEVELOPMENT_TEAM = FBMZV29F7P;
				GENERATE_INFOPLIST_FILE = YES;
				MARKETING_VERSION = 1.0;
				PRODUCT_BUNDLE_IDENTIFIER = "com.example.marcocrasi.Landmarks-marcocrasiUITests";
				PRODUCT_NAME = "$(TARGET_NAME)";
				SWIFT_EMIT_LOC_STRINGS = NO;
				SWIFT_VERSION = 5.0;
				TARGETED_DEVICE_FAMILY = "1,2";
				TEST_TARGET_NAME = "Landmarks-marcocrasi";
			};
			name = Release;
		};
/* End XCBuildConfiguration section */

/* Begin XCConfigurationList section */
		FA30A9622B325D58004DED37 /* Build configuration list for PBXNativeTarget "MacLandmarks" */ = {
			isa = XCConfigurationList;
			buildConfigurations = (
				FA30A95C2B325D58004DED37 /* Debug */,
				FA30A95D2B325D58004DED37 /* Release */,
			);
			defaultConfigurationIsVisible = 0;
			defaultConfigurationName = Release;
		};
		FA30A9632B325D58004DED37 /* Build configuration list for PBXNativeTarget "MacLandmarksTests" */ = {
			isa = XCConfigurationList;
			buildConfigurations = (
				FA30A95E2B325D58004DED37 /* Debug */,
				FA30A95F2B325D58004DED37 /* Release */,
			);
			defaultConfigurationIsVisible = 0;
			defaultConfigurationName = Release;
		};
		FA30A9642B325D58004DED37 /* Build configuration list for PBXNativeTarget "MacLandmarksUITests" */ = {
			isa = XCConfigurationList;
			buildConfigurations = (
				FA30A9602B325D58004DED37 /* Debug */,
				FA30A9612B325D58004DED37 /* Release */,
			);
			defaultConfigurationIsVisible = 0;
			defaultConfigurationName = Release;
		};
		FA7C08002B2E7268007C8391 /* Build configuration list for PBXNativeTarget "WatchLanmarks Watch App" */ = {
			isa = XCConfigurationList;
			buildConfigurations = (
				FA7C08012B2E7268007C8391 /* Debug */,
				FA7C08022B2E7268007C8391 /* Release */,
			);
			defaultConfigurationIsVisible = 0;
			defaultConfigurationName = Release;
		};
		FA7C08042B2E7268007C8391 /* Build configuration list for PBXNativeTarget "WatchLanmarks Watch AppTests" */ = {
			isa = XCConfigurationList;
			buildConfigurations = (
				FA7C08052B2E7268007C8391 /* Debug */,
				FA7C08062B2E7268007C8391 /* Release */,
			);
			defaultConfigurationIsVisible = 0;
			defaultConfigurationName = Release;
		};
		FA7C08072B2E7268007C8391 /* Build configuration list for PBXNativeTarget "WatchLanmarks Watch AppUITests" */ = {
			isa = XCConfigurationList;
			buildConfigurations = (
				FA7C08082B2E7268007C8391 /* Debug */,
				FA7C08092B2E7268007C8391 /* Release */,
			);
			defaultConfigurationIsVisible = 0;
			defaultConfigurationName = Release;
		};
		FACF5D392B1EE32F00345124 /* Build configuration list for PBXProject "Landmarks-marcocrasi" */ = {
			isa = XCConfigurationList;
			buildConfigurations = (
				FACF5D602B1EE33100345124 /* Debug */,
				FACF5D612B1EE33100345124 /* Release */,
			);
			defaultConfigurationIsVisible = 0;
			defaultConfigurationName = Release;
		};
		FACF5D622B1EE33100345124 /* Build configuration list for PBXNativeTarget "Landmarks-marcocrasi" */ = {
			isa = XCConfigurationList;
			buildConfigurations = (
				FACF5D632B1EE33100345124 /* Debug */,
				FACF5D642B1EE33100345124 /* Release */,
			);
			defaultConfigurationIsVisible = 0;
			defaultConfigurationName = Release;
		};
		FACF5D652B1EE33100345124 /* Build configuration list for PBXNativeTarget "Landmarks-marcocrasiTests" */ = {
			isa = XCConfigurationList;
			buildConfigurations = (
				FACF5D662B1EE33100345124 /* Debug */,
				FACF5D672B1EE33100345124 /* Release */,
			);
			defaultConfigurationIsVisible = 0;
			defaultConfigurationName = Release;
		};
		FACF5D682B1EE33100345124 /* Build configuration list for PBXNativeTarget "Landmarks-marcocrasiUITests" */ = {
			isa = XCConfigurationList;
			buildConfigurations = (
				FACF5D692B1EE33100345124 /* Debug */,
				FACF5D6A2B1EE33100345124 /* Release */,
			);
			defaultConfigurationIsVisible = 0;
			defaultConfigurationName = Release;
		};
/* End XCConfigurationList section */
	};
	rootObject = FACF5D362B1EE32F00345124 /* Project object */;
}
